version = 1
requires-python = "==3.10.*"

[[package]]
name = "black"
version = "22.6.0"
source = { registry = "https://pypi.org/simple" }
dependencies = [
    { name = "click" },
    { name = "mypy-extensions" },
    { name = "pathspec" },
    { name = "platformdirs" },
    { name = "tomli" },
]
sdist = { url = "https://files.pythonhosted.org/packages/61/11/551b0d067a7e6836fc0997ab36ee46ec65259fea8f30104f4870092f3301/black-22.6.0.tar.gz", hash = "sha256:6c6d39e28aed379aec40da1c65434c77d75e65bb59a1e1c283de545fb4e7c6c9", size = 566106 }
wheels = [
    { url = "https://files.pythonhosted.org/packages/80/ff/cfcfa4cdb42d8fff75b6b4dc355a1186a95de4714df8cc2a60f69f7b17f8/black-22.6.0-cp310-cp310-macosx_10_9_universal2.whl", hash = "sha256:f586c26118bc6e714ec58c09df0157fe2d9ee195c764f630eb0d8e7ccce72e69", size = 2435459 },
    { url = "https://files.pythonhosted.org/packages/63/96/814e02033701f51701444d5505b5e2594453b1f7e913764a097b1f701633/black-22.6.0-cp310-cp310-macosx_10_9_x86_64.whl", hash = "sha256:b270a168d69edb8b7ed32c193ef10fd27844e5c60852039599f9184460ce0807", size = 1363220 },
    { url = "https://files.pythonhosted.org/packages/1a/84/203163902ee26bcf1beaef582ee0c8df3f325da3e961b68d2ece959e19d3/black-22.6.0-cp310-cp310-macosx_11_0_arm64.whl", hash = "sha256:6797f58943fceb1c461fb572edbe828d811e719c24e03375fd25170ada53825e", size = 1231890 },
    { url = "https://files.pythonhosted.org/packages/a7/51/d0acd9f74a946a825a148dcc392433c2332ae405967d76292b9e64712dc8/black-22.6.0-cp310-cp310-manylinux_2_17_x86_64.manylinux2014_x86_64.whl", hash = "sha256:c85928b9d5f83b23cee7d0efcb310172412fbf7cb9d9ce963bd67fd141781def", size = 1501359 },
    { url = "https://files.pythonhosted.org/packages/86/9c/2a8a13993bc63a50bda7436ecba902231fd9a88dd1cd233e6e3f534e071c/black-22.6.0-cp310-cp310-win_amd64.whl", hash = "sha256:f6fe02afde060bbeef044af7996f335fbe90b039ccf3f5eb8f16df8b20f77666", size = 1157141 },
    { url = "https://files.pythonhosted.org/packages/2b/70/1d0e33a4df4ed73e9f02f698a29b5d94ff58e39f029c939ecf96a10fb1f3/black-22.6.0-py3-none-any.whl", hash = "sha256:ac609cf8ef5e7115ddd07d85d988d074ed00e10fbc3445aee393e70164a2219c", size = 156271 },
]

[[package]]
name = "click"
version = "8.1.8"
source = { registry = "https://pypi.org/simple" }
dependencies = [
    { name = "colorama", marker = "sys_platform == 'win32'" },
]
sdist = { url = "https://files.pythonhosted.org/packages/b9/2e/0090cbf739cee7d23781ad4b89a9894a41538e4fcf4c31dcdd705b78eb8b/click-8.1.8.tar.gz", hash = "sha256:ed53c9d8990d83c2a27deae68e4ee337473f6330c040a31d4225c9574d16096a", size = 226593 }
wheels = [
    { url = "https://files.pythonhosted.org/packages/7e/d4/7ebdbd03970677812aac39c869717059dbb71a4cfc033ca6e5221787892c/click-8.1.8-py3-none-any.whl", hash = "sha256:63c132bbbed01578a06712a2d1f497bb62d9c1c0d329b7903a866228027263b2", size = 98188 },
]

[[package]]
name = "colorama"
version = "0.4.6"
source = { registry = "https://pypi.org/simple" }
sdist = { url = "https://files.pythonhosted.org/packages/d8/53/6f443c9a4a8358a93a6792e2acffb9d9d5cb0a5cfd8802644b7b1c9a02e4/colorama-0.4.6.tar.gz", hash = "sha256:08695f5cb7ed6e0531a20572697297273c47b8cae5a63ffc6d6ed5c201be6e44", size = 27697 }
wheels = [
    { url = "https://files.pythonhosted.org/packages/d1/d6/3965ed04c63042e047cb6a3e6ed1a63a35087b6a609aa3a15ed8ac56c221/colorama-0.4.6-py2.py3-none-any.whl", hash = "sha256:4f1d9991f5acc0ca119f9d443620b77f9d6b33703e51011c16baf57afb285fc6", size = 25335 },
]

[[package]]
name = "cycler"
version = "0.12.1"
source = { registry = "https://pypi.org/simple" }
sdist = { url = "https://files.pythonhosted.org/packages/a9/95/a3dbbb5028f35eafb79008e7522a75244477d2838f38cbb722248dabc2a8/cycler-0.12.1.tar.gz", hash = "sha256:88bb128f02ba341da8ef447245a9e138fae777f6a23943da4540077d3601eb1c", size = 7615 }
wheels = [
    { url = "https://files.pythonhosted.org/packages/e7/05/c19819d5e3d95294a6f5947fb9b9629efb316b96de511b418c53d245aae6/cycler-0.12.1-py3-none-any.whl", hash = "sha256:85cef7cff222d8644161529808465972e51340599459b8ac3ccbac5a854e0d30", size = 8321 },
]

[[package]]
name = "dataclasses-json"
version = "0.5.7"
source = { registry = "https://pypi.org/simple" }
dependencies = [
    { name = "marshmallow" },
    { name = "marshmallow-enum" },
    { name = "typing-inspect" },
]
sdist = { url = "https://files.pythonhosted.org/packages/85/94/1b30216f84c48b9e0646833f6f2dd75f1169cc04dc45c48fe39e644c89d5/dataclasses-json-0.5.7.tar.gz", hash = "sha256:c2c11bc8214fbf709ffc369d11446ff6945254a7f09128154a7620613d8fda90", size = 30958 }
wheels = [
    { url = "https://files.pythonhosted.org/packages/58/7e/2042610dfc8121e8119ad8b94db496d8697e4b0ef7a6e378018a2bd84435/dataclasses_json-0.5.7-py3-none-any.whl", hash = "sha256:bc285b5f892094c3a53d558858a88553dd6a61a11ab1a8128a0e554385dcc5dd", size = 25647 },
]

[[package]]
name = "flake8"
version = "4.0.1"
source = { registry = "https://pypi.org/simple" }
dependencies = [
    { name = "mccabe" },
    { name = "pycodestyle" },
    { name = "pyflakes" },
]
sdist = { url = "https://files.pythonhosted.org/packages/e6/84/d8db922289195c435779b4ca3a3f583f263f87e67954f7b2e83c8da21f48/flake8-4.0.1.tar.gz", hash = "sha256:806e034dda44114815e23c16ef92f95c91e4c71100ff52813adf7132a6ad870d", size = 154905 }
wheels = [
    { url = "https://files.pythonhosted.org/packages/34/39/cde2c8a227abb4f9ce62fe55586b920f438f1d2903a1a22514d0b982c333/flake8-4.0.1-py2.py3-none-any.whl", hash = "sha256:479b1304f72536a55948cb40a32dce8bb0ffe3501e26eaf292c7e60eb5e0428d", size = 64091 },
]

[[package]]
name = "fonttools"
version = "4.57.0"
source = { registry = "https://pypi.org/simple" }
sdist = { url = "https://files.pythonhosted.org/packages/03/2d/a9a0b6e3a0cf6bd502e64fc16d894269011930cabfc89aee20d1635b1441/fonttools-4.57.0.tar.gz", hash = "sha256:727ece10e065be2f9dd239d15dd5d60a66e17eac11aea47d447f9f03fdbc42de", size = 3492448 }
wheels = [
    { url = "https://files.pythonhosted.org/packages/db/17/3ddfd1881878b3f856065130bb603f5922e81ae8a4eb53bce0ea78f765a8/fonttools-4.57.0-cp310-cp310-macosx_10_9_universal2.whl", hash = "sha256:babe8d1eb059a53e560e7bf29f8e8f4accc8b6cfb9b5fd10e485bde77e71ef41", size = 2756260 },
    { url = "https://files.pythonhosted.org/packages/26/2b/6957890c52c030b0bf9e0add53e5badab4682c6ff024fac9a332bb2ae063/fonttools-4.57.0-cp310-cp310-macosx_10_9_x86_64.whl", hash = "sha256:81aa97669cd726349eb7bd43ca540cf418b279ee3caba5e2e295fb4e8f841c02", size = 2284691 },
    { url = "https://files.pythonhosted.org/packages/cc/8e/c043b4081774e5eb06a834cedfdb7d432b4935bc8c4acf27207bdc34dfc4/fonttools-4.57.0-cp310-cp310-manylinux_2_17_aarch64.manylinux2014_aarch64.whl", hash = "sha256:f0e9618630edd1910ad4f07f60d77c184b2f572c8ee43305ea3265675cbbfe7e", size = 4566077 },
    { url = "https://files.pythonhosted.org/packages/59/bc/e16ae5d9eee6c70830ce11d1e0b23d6018ddfeb28025fda092cae7889c8b/fonttools-4.57.0-cp310-cp310-manylinux_2_17_x86_64.manylinux2014_x86_64.whl", hash = "sha256:34687a5d21f1d688d7d8d416cb4c5b9c87fca8a1797ec0d74b9fdebfa55c09ab", size = 4608729 },
    { url = "https://files.pythonhosted.org/packages/25/13/e557bf10bb38e4e4c436d3a9627aadf691bc7392ae460910447fda5fad2b/fonttools-4.57.0-cp310-cp310-musllinux_1_2_aarch64.whl", hash = "sha256:69ab81b66ebaa8d430ba56c7a5f9abe0183afefd3a2d6e483060343398b13fb1", size = 4759646 },
    { url = "https://files.pythonhosted.org/packages/bc/c9/5e2952214d4a8e31026bf80beb18187199b7001e60e99a6ce19773249124/fonttools-4.57.0-cp310-cp310-musllinux_1_2_x86_64.whl", hash = "sha256:d639397de852f2ccfb3134b152c741406752640a266d9c1365b0f23d7b88077f", size = 4941652 },
    { url = "https://files.pythonhosted.org/packages/df/04/e80242b3d9ec91a1f785d949edc277a13ecfdcfae744de4b170df9ed77d8/fonttools-4.57.0-cp310-cp310-win32.whl", hash = "sha256:cc066cb98b912f525ae901a24cd381a656f024f76203bc85f78fcc9e66ae5aec", size = 2159432 },
    { url = "https://files.pythonhosted.org/packages/33/ba/e858cdca275daf16e03c0362aa43734ea71104c3b356b2100b98543dba1b/fonttools-4.57.0-cp310-cp310-win_amd64.whl", hash = "sha256:7a64edd3ff6a7f711a15bd70b4458611fb240176ec11ad8845ccbab4fe6745db", size = 2203869 },
    { url = "https://files.pythonhosted.org/packages/90/27/45f8957c3132917f91aaa56b700bcfc2396be1253f685bd5c68529b6f610/fonttools-4.57.0-py3-none-any.whl", hash = "sha256:3122c604a675513c68bd24c6a8f9091f1c2376d18e8f5fe5a101746c81b3e98f", size = 1093605 },
]

[[package]]
name = "isort"
version = "5.10.1"
source = { registry = "https://pypi.org/simple" }
sdist = { url = "https://files.pythonhosted.org/packages/ab/e9/964cb0b2eedd80c92f5172f1f8ae0443781a9d461c1372a3ce5762489593/isort-5.10.1.tar.gz", hash = "sha256:e8443a5e7a020e9d7f97f1d7d9cd17c88bcb3bc7e218bf9cf5095fe550be2951", size = 174062 }
wheels = [
    { url = "https://files.pythonhosted.org/packages/b8/5b/f18e227df38b94b4ee30d2502fd531bebac23946a2497e5595067a561274/isort-5.10.1-py3-none-any.whl", hash = "sha256:6f62d78e2f89b4500b080fe3a81690850cd254227f27f75c3a0c491a1f351ba7", size = 103430 },
]

[[package]]
name = "joblib"
version = "1.1.0"
source = { registry = "https://pypi.org/simple" }
sdist = { url = "https://files.pythonhosted.org/packages/92/b9/9e3616e7e00c8165fb25175c53444533bdde05f3e974d45d9fcbbe451ee6/joblib-1.1.0.tar.gz", hash = "sha256:4158fcecd13733f8be669be0683b96ebdbbd38d23559f54dca7205aea1bf1e35", size = 2063601 }
wheels = [
    { url = "https://files.pythonhosted.org/packages/3e/d5/0163eb0cfa0b673aa4fe1cd3ea9d8a81ea0f32e50807b0c295871e4aab2e/joblib-1.1.0-py2.py3-none-any.whl", hash = "sha256:f21f109b3c7ff9d95f8387f752d0d9c34a02aa2f7060c2135f465da0e5160ff6", size = 306954 },
]

[[package]]
name = "kiwisolver"
version = "1.4.7"
source = { registry = "https://pypi.org/simple" }
sdist = { url = "https://files.pythonhosted.org/packages/85/4d/2255e1c76304cbd60b48cee302b66d1dde4468dc5b1160e4b7cb43778f2a/kiwisolver-1.4.7.tar.gz", hash = "sha256:9893ff81bd7107f7b685d3017cc6583daadb4fc26e4a888350df530e41980a60", size = 97286 }
wheels = [
    { url = "https://files.pythonhosted.org/packages/97/14/fc943dd65268a96347472b4fbe5dcc2f6f55034516f80576cd0dd3a8930f/kiwisolver-1.4.7-cp310-cp310-macosx_10_9_universal2.whl", hash = "sha256:8a9c83f75223d5e48b0bc9cb1bf2776cf01563e00ade8775ffe13b0b6e1af3a6", size = 122440 },
    { url = "https://files.pythonhosted.org/packages/1e/46/e68fed66236b69dd02fcdb506218c05ac0e39745d696d22709498896875d/kiwisolver-1.4.7-cp310-cp310-macosx_10_9_x86_64.whl", hash = "sha256:58370b1ffbd35407444d57057b57da5d6549d2d854fa30249771775c63b5fe17", size = 65758 },
    { url = "https://files.pythonhosted.org/packages/ef/fa/65de49c85838681fc9cb05de2a68067a683717321e01ddafb5b8024286f0/kiwisolver-1.4.7-cp310-cp310-macosx_11_0_arm64.whl", hash = "sha256:aa0abdf853e09aff551db11fce173e2177d00786c688203f52c87ad7fcd91ef9", size = 64311 },
    { url = "https://files.pythonhosted.org/packages/42/9c/cc8d90f6ef550f65443bad5872ffa68f3dee36de4974768628bea7c14979/kiwisolver-1.4.7-cp310-cp310-manylinux_2_12_i686.manylinux2010_i686.whl", hash = "sha256:8d53103597a252fb3ab8b5845af04c7a26d5e7ea8122303dd7a021176a87e8b9", size = 1637109 },
    { url = "https://files.pythonhosted.org/packages/55/91/0a57ce324caf2ff5403edab71c508dd8f648094b18cfbb4c8cc0fde4a6ac/kiwisolver-1.4.7-cp310-cp310-manylinux_2_12_x86_64.manylinux2010_x86_64.whl", hash = "sha256:88f17c5ffa8e9462fb79f62746428dd57b46eb931698e42e990ad63103f35e6c", size = 1617814 },
    { url = "https://files.pythonhosted.org/packages/12/5d/c36140313f2510e20207708adf36ae4919416d697ee0236b0ddfb6fd1050/kiwisolver-1.4.7-cp310-cp310-manylinux_2_17_aarch64.manylinux2014_aarch64.whl", hash = "sha256:88a9ca9c710d598fd75ee5de59d5bda2684d9db36a9f50b6125eaea3969c2599", size = 1400881 },
    { url = "https://files.pythonhosted.org/packages/56/d0/786e524f9ed648324a466ca8df86298780ef2b29c25313d9a4f16992d3cf/kiwisolver-1.4.7-cp310-cp310-manylinux_2_17_ppc64le.manylinux2014_ppc64le.whl", hash = "sha256:f4d742cb7af1c28303a51b7a27aaee540e71bb8e24f68c736f6f2ffc82f2bf05", size = 1512972 },
    { url = "https://files.pythonhosted.org/packages/67/5a/77851f2f201e6141d63c10a0708e996a1363efaf9e1609ad0441b343763b/kiwisolver-1.4.7-cp310-cp310-manylinux_2_17_s390x.manylinux2014_s390x.whl", hash = "sha256:e28c7fea2196bf4c2f8d46a0415c77a1c480cc0724722f23d7410ffe9842c407", size = 1444787 },
    { url = "https://files.pythonhosted.org/packages/06/5f/1f5eaab84355885e224a6fc8d73089e8713dc7e91c121f00b9a1c58a2195/kiwisolver-1.4.7-cp310-cp310-musllinux_1_2_aarch64.whl", hash = "sha256:e968b84db54f9d42046cf154e02911e39c0435c9801681e3fc9ce8a3c4130278", size = 2199212 },
    { url = "https://files.pythonhosted.org/packages/b5/28/9152a3bfe976a0ae21d445415defc9d1cd8614b2910b7614b30b27a47270/kiwisolver-1.4.7-cp310-cp310-musllinux_1_2_i686.whl", hash = "sha256:0c18ec74c0472de033e1bebb2911c3c310eef5649133dd0bedf2a169a1b269e5", size = 2346399 },
    { url = "https://files.pythonhosted.org/packages/26/f6/453d1904c52ac3b400f4d5e240ac5fec25263716723e44be65f4d7149d13/kiwisolver-1.4.7-cp310-cp310-musllinux_1_2_ppc64le.whl", hash = "sha256:8f0ea6da6d393d8b2e187e6a5e3fb81f5862010a40c3945e2c6d12ae45cfb2ad", size = 2308688 },
    { url = "https://files.pythonhosted.org/packages/5a/9a/d4968499441b9ae187e81745e3277a8b4d7c60840a52dc9d535a7909fac3/kiwisolver-1.4.7-cp310-cp310-musllinux_1_2_s390x.whl", hash = "sha256:f106407dda69ae456dd1227966bf445b157ccc80ba0dff3802bb63f30b74e895", size = 2445493 },
    { url = "https://files.pythonhosted.org/packages/07/c9/032267192e7828520dacb64dfdb1d74f292765f179e467c1cba97687f17d/kiwisolver-1.4.7-cp310-cp310-musllinux_1_2_x86_64.whl", hash = "sha256:84ec80df401cfee1457063732d90022f93951944b5b58975d34ab56bb150dfb3", size = 2262191 },
    { url = "https://files.pythonhosted.org/packages/6c/ad/db0aedb638a58b2951da46ddaeecf204be8b4f5454df020d850c7fa8dca8/kiwisolver-1.4.7-cp310-cp310-win32.whl", hash = "sha256:71bb308552200fb2c195e35ef05de12f0c878c07fc91c270eb3d6e41698c3bcc", size = 46644 },
    { url = "https://files.pythonhosted.org/packages/12/ca/d0f7b7ffbb0be1e7c2258b53554efec1fd652921f10d7d85045aff93ab61/kiwisolver-1.4.7-cp310-cp310-win_amd64.whl", hash = "sha256:44756f9fd339de0fb6ee4f8c1696cfd19b2422e0d70b4cefc1cc7f1f64045a8c", size = 55877 },
    { url = "https://files.pythonhosted.org/packages/97/6c/cfcc128672f47a3e3c0d918ecb67830600078b025bfc32d858f2e2d5c6a4/kiwisolver-1.4.7-cp310-cp310-win_arm64.whl", hash = "sha256:78a42513018c41c2ffd262eb676442315cbfe3c44eed82385c2ed043bc63210a", size = 48347 },
    { url = "https://files.pythonhosted.org/packages/ac/59/741b79775d67ab67ced9bb38552da688c0305c16e7ee24bba7a2be253fb7/kiwisolver-1.4.7-pp310-pypy310_pp73-macosx_10_15_x86_64.whl", hash = "sha256:94252291e3fe68001b1dd747b4c0b3be12582839b95ad4d1b641924d68fd4643", size = 59491 },
    { url = "https://files.pythonhosted.org/packages/58/cc/fb239294c29a5656e99e3527f7369b174dd9cc7c3ef2dea7cb3c54a8737b/kiwisolver-1.4.7-pp310-pypy310_pp73-macosx_11_0_arm64.whl", hash = "sha256:5b7dfa3b546da08a9f622bb6becdb14b3e24aaa30adba66749d38f3cc7ea9706", size = 57648 },
    { url = "https://files.pythonhosted.org/packages/3b/ef/2f009ac1f7aab9f81efb2d837301d255279d618d27b6015780115ac64bdd/kiwisolver-1.4.7-pp310-pypy310_pp73-manylinux_2_12_i686.manylinux2010_i686.manylinux_2_17_i686.manylinux2014_i686.whl", hash = "sha256:bd3de6481f4ed8b734da5df134cd5a6a64fe32124fe83dde1e5b5f29fe30b1e6", size = 84257 },
    { url = "https://files.pythonhosted.org/packages/81/e1/c64f50987f85b68b1c52b464bb5bf73e71570c0f7782d626d1eb283ad620/kiwisolver-1.4.7-pp310-pypy310_pp73-manylinux_2_17_aarch64.manylinux2014_aarch64.whl", hash = "sha256:a91b5f9f1205845d488c928e8570dcb62b893372f63b8b6e98b863ebd2368ff2", size = 80906 },
    { url = "https://files.pythonhosted.org/packages/fd/71/1687c5c0a0be2cee39a5c9c389e546f9c6e215e46b691d00d9f646892083/kiwisolver-1.4.7-pp310-pypy310_pp73-manylinux_2_17_x86_64.manylinux2014_x86_64.whl", hash = "sha256:40fa14dbd66b8b8f470d5fc79c089a66185619d31645f9b0773b88b19f7223c4", size = 79951 },
    { url = "https://files.pythonhosted.org/packages/ea/8b/d7497df4a1cae9367adf21665dd1f896c2a7aeb8769ad77b662c5e2bcce7/kiwisolver-1.4.7-pp310-pypy310_pp73-win_amd64.whl", hash = "sha256:eb542fe7933aa09d8d8f9d9097ef37532a7df6497819d16efe4359890a2f417a", size = 55715 },
]

[[package]]
name = "marshmallow"
version = "3.22.0"
source = { registry = "https://pypi.org/simple" }
dependencies = [
    { name = "packaging" },
]
sdist = { url = "https://files.pythonhosted.org/packages/70/40/faa10dc4500bca85f41ca9d8cefab282dd23d0fcc7a9b5fab40691e72e76/marshmallow-3.22.0.tar.gz", hash = "sha256:4972f529104a220bb8637d595aa4c9762afbe7f7a77d82dc58c1615d70c5823e", size = 176836 }
wheels = [
    { url = "https://files.pythonhosted.org/packages/3c/78/c1de55eb3311f2c200a8b91724414b8d6f5ae78891c15d9d936ea43c3dba/marshmallow-3.22.0-py3-none-any.whl", hash = "sha256:71a2dce49ef901c3f97ed296ae5051135fd3febd2bf43afe0ae9a82143a494d9", size = 49334 },
]

[[package]]
name = "marshmallow-enum"
version = "1.5.1"
source = { registry = "https://pypi.org/simple" }
dependencies = [
    { name = "marshmallow" },
]
sdist = { url = "https://files.pythonhosted.org/packages/8e/8c/ceecdce57dfd37913143087fffd15f38562a94f0d22823e3c66eac0dca31/marshmallow-enum-1.5.1.tar.gz", hash = "sha256:38e697e11f45a8e64b4a1e664000897c659b60aa57bfa18d44e226a9920b6e58", size = 4013 }
wheels = [
    { url = "https://files.pythonhosted.org/packages/c6/59/ef3a3dc499be447098d4a89399beb869f813fee1b5a57d5d79dee2c1bf51/marshmallow_enum-1.5.1-py2.py3-none-any.whl", hash = "sha256:57161ab3dbfde4f57adeb12090f39592e992b9c86d206d02f6bd03ebec60f072", size = 4186 },
]

[[package]]
name = "matplotlib"
version = "3.5.2"
source = { registry = "https://pypi.org/simple" }
dependencies = [
    { name = "cycler" },
    { name = "fonttools" },
    { name = "kiwisolver" },
    { name = "numpy" },
    { name = "packaging" },
    { name = "pillow" },
    { name = "pyparsing" },
    { name = "python-dateutil" },
]
sdist = { url = "https://files.pythonhosted.org/packages/2f/be/7d6e073a3eb740ebeba43a69f5de2b141fea50b801e24e0ae024ac94d4ac/matplotlib-3.5.2.tar.gz", hash = "sha256:48cf850ce14fa18067f2d9e0d646763681948487a8080ec0af2686468b4607a2", size = 35210006 }
wheels = [
    { url = "https://files.pythonhosted.org/packages/b7/21/ad86b69d2afb2d42c5a0bf454d8b547bab07e7393921af160b9c002cb70c/matplotlib-3.5.2-cp310-cp310-macosx_10_9_universal2.whl", hash = "sha256:03bbb3f5f78836855e127b5dab228d99551ad0642918ccbf3067fcd52ac7ac5e", size = 8080777 },
    { url = "https://files.pythonhosted.org/packages/67/31/8ef33af33c7baec10517a0e9e5d054433d5429599ed60bba85ed7144ea44/matplotlib-3.5.2-cp310-cp310-macosx_10_9_x86_64.whl", hash = "sha256:49a5938ed6ef9dda560f26ea930a2baae11ea99e1c2080c8714341ecfda72a89", size = 7263911 },
    { url = "https://files.pythonhosted.org/packages/f7/6b/5301bfdd311e0be74235cbcf0f104a4d3507e10002b9807e87341ebac0a8/matplotlib-3.5.2-cp310-cp310-macosx_11_0_arm64.whl", hash = "sha256:77157be0fc4469cbfb901270c205e7d8adb3607af23cef8bd11419600647ceed", size = 7160759 },
    { url = "https://files.pythonhosted.org/packages/62/13/d18a3fd0f34af637926a6a072709ca843ee5cc3e2cda3c799a3d4de56f1a/matplotlib-3.5.2-cp310-cp310-manylinux_2_17_aarch64.manylinux2014_aarch64.whl", hash = "sha256:5844cea45d804174bf0fac219b4ab50774e504bef477fc10f8f730ce2d623441", size = 11652612 },
    { url = "https://files.pythonhosted.org/packages/00/eb/4c2d7824c1ea12693303d1e7e8f495c8c3350181b662e06e3e569b69d76d/matplotlib-3.5.2-cp310-cp310-manylinux_2_17_i686.manylinux2014_i686.whl", hash = "sha256:c87973ddec10812bddc6c286b88fdd654a666080fbe846a1f7a3b4ba7b11ab78", size = 11753123 },
    { url = "https://files.pythonhosted.org/packages/17/cb/83784d0aeef468bf3193fb7aa1957d0c4e8e6ee8ba249024ceeffc58b5ff/matplotlib-3.5.2-cp310-cp310-manylinux_2_17_x86_64.manylinux2014_x86_64.whl", hash = "sha256:4a05f2b37222319753a5d43c0a4fd97ed4ff15ab502113e3f2625c26728040cf", size = 11869185 },
    { url = "https://files.pythonhosted.org/packages/8e/2c/2e98d7eddec1ac993026930e95917825cbb42d9c7dbb933d0b986b473d8e/matplotlib-3.5.2-cp310-cp310-win32.whl", hash = "sha256:9776e1a10636ee5f06ca8efe0122c6de57ffe7e8c843e0fb6e001e9d9256ec95", size = 7070779 },
    { url = "https://files.pythonhosted.org/packages/67/4e/5959c5822f0694e4c2beb93f9ee34b8ec49052fc79d88f8842d9ded72f02/matplotlib-3.5.2-cp310-cp310-win_amd64.whl", hash = "sha256:b4fedaa5a9aa9ce14001541812849ed1713112651295fdddd640ea6620e6cf98", size = 7204534 },
]

[[package]]
name = "mccabe"
version = "0.6.1"
source = { registry = "https://pypi.org/simple" }
sdist = { url = "https://files.pythonhosted.org/packages/06/18/fa675aa501e11d6d6ca0ae73a101b2f3571a565e0f7d38e062eec18a91ee/mccabe-0.6.1.tar.gz", hash = "sha256:dd8d182285a0fe56bace7f45b5e7d1a6ebcbf524e8f3bd87eb0f125271b8831f", size = 8612 }
wheels = [
    { url = "https://files.pythonhosted.org/packages/87/89/479dc97e18549e21354893e4ee4ef36db1d237534982482c3681ee6e7b57/mccabe-0.6.1-py2.py3-none-any.whl", hash = "sha256:ab8a6258860da4b6677da4bd2fe5dc2c659cff31b3ee4f7f5d64e79735b80d42", size = 8556 },
]

[[package]]
name = "mpmath"
version = "1.3.0"
source = { registry = "https://pypi.org/simple" }
sdist = { url = "https://files.pythonhosted.org/packages/e0/47/dd32fa426cc72114383ac549964eecb20ecfd886d1e5ccf5340b55b02f57/mpmath-1.3.0.tar.gz", hash = "sha256:7a28eb2a9774d00c7bc92411c19a89209d5da7c4c9a9e227be8330a23a25b91f", size = 508106 }
wheels = [
    { url = "https://files.pythonhosted.org/packages/43/e3/7d92a15f894aa0c9c4b49b8ee9ac9850d6e63b03c9c32c0367a13ae62209/mpmath-1.3.0-py3-none-any.whl", hash = "sha256:a0b2b9fe80bbcd81a6647ff13108738cfb482d481d826cc0e02f5b35e5c88d2c", size = 536198 },
]

[[package]]
name = "mypy-extensions"
version = "1.1.0"
source = { registry = "https://pypi.org/simple" }
sdist = { url = "https://files.pythonhosted.org/packages/a2/6e/371856a3fb9d31ca8dac321cda606860fa4548858c0cc45d9d1d4ca2628b/mypy_extensions-1.1.0.tar.gz", hash = "sha256:52e68efc3284861e772bbcd66823fde5ae21fd2fdb51c62a211403730b916558", size = 6343 }
wheels = [
    { url = "https://files.pythonhosted.org/packages/79/7b/2c79738432f5c924bef5071f933bcc9efd0473bac3b4aa584a6f7c1c8df8/mypy_extensions-1.1.0-py3-none-any.whl", hash = "sha256:1be4cccdb0f2482337c4743e60421de3a356cd97508abadd57d47403e94f5505", size = 4963 },
]

[[package]]
name = "nodeenv"
version = "1.9.1"
source = { registry = "https://pypi.org/simple" }
sdist = { url = "https://files.pythonhosted.org/packages/43/16/fc88b08840de0e0a72a2f9d8c6bae36be573e475a6326ae854bcc549fc45/nodeenv-1.9.1.tar.gz", hash = "sha256:6ec12890a2dab7946721edbfbcd91f3319c6ccc9aec47be7c7e6b7011ee6645f", size = 47437 }
wheels = [
    { url = "https://files.pythonhosted.org/packages/d2/1d/1b658dbd2b9fa9c4c9f32accbfc0205d532c8c6194dc0f2a4c0428e7128a/nodeenv-1.9.1-py2.py3-none-any.whl", hash = "sha256:ba11c9782d29c27c70ffbdda2d7415098754709be8a7056d79a737cd901155c9", size = 22314 },
]

[[package]]
name = "numpy"
version = "1.23.0"
source = { registry = "https://pypi.org/simple" }
sdist = { url = "https://files.pythonhosted.org/packages/03/c6/14a17e10813b8db20d1e800ff9a3a898e65d25f2b0e9d6a94616f1e3362c/numpy-1.23.0.tar.gz", hash = "sha256:bd3fa4fe2e38533d5336e1272fc4e765cabbbde144309ccee8675509d5cd7b05", size = 10714532 }
wheels = [
    { url = "https://files.pythonhosted.org/packages/86/65/fe6f20a40d05fc909cab9c3c17f259b03a1fbf87a6b3a7b92ca0376582e8/numpy-1.23.0-cp310-cp310-macosx_10_9_x86_64.whl", hash = "sha256:58bfd40eb478f54ff7a5710dd61c8097e169bc36cc68333d00a9bcd8def53b38", size = 18104449 },
    { url = "https://files.pythonhosted.org/packages/e6/aa/323e1cf4f25025c6f67dcf179db754142f92847c9d592599dc01b78de460/numpy-1.23.0-cp310-cp310-macosx_11_0_arm64.whl", hash = "sha256:196cd074c3f97c4121601790955f915187736f9cf458d3ee1f1b46aff2b1ade0", size = 13338216 },
    { url = "https://files.pythonhosted.org/packages/85/f9/06e90e66b9c4148ef044329da0a1c8e4f76bbf8f618a8367470f531b6433/numpy-1.23.0-cp310-cp310-manylinux_2_17_aarch64.manylinux2014_aarch64.whl", hash = "sha256:f1d88ef79e0a7fa631bb2c3dda1ea46b32b1fe614e10fedd611d3d5398447f2f", size = 13920917 },
    { url = "https://files.pythonhosted.org/packages/7a/88/8404fbe4f6472e4e54106a8faacae1279a244422bc88f5ee3e33ba2dd72b/numpy-1.23.0-cp310-cp310-manylinux_2_17_x86_64.manylinux2014_x86_64.whl", hash = "sha256:d54b3b828d618a19779a84c3ad952e96e2c2311b16384e973e671aa5be1f6187", size = 17033638 },
    { url = "https://files.pythonhosted.org/packages/0a/fb/03f410814f9321761f25faa257554671ff77c1a746e4641002ad90972773/numpy-1.23.0-cp310-cp310-win32.whl", hash = "sha256:2b2da66582f3a69c8ce25ed7921dcd8010d05e59ac8d89d126a299be60421171", size = 12187497 },
    { url = "https://files.pythonhosted.org/packages/34/1c/1c9ec57f522822e7507fb5cf69b153f857405518d8f50fa4ff94f43385be/numpy-1.23.0-cp310-cp310-win_amd64.whl", hash = "sha256:97a76604d9b0e79f59baeca16593c711fddb44936e40310f78bfef79ee9a835f", size = 14636971 },
]

[[package]]
name = "packaging"
version = "25.0"
source = { registry = "https://pypi.org/simple" }
sdist = { url = "https://files.pythonhosted.org/packages/a1/d4/1fc4078c65507b51b96ca8f8c3ba19e6a61c8253c72794544580a7b6c24d/packaging-25.0.tar.gz", hash = "sha256:d443872c98d677bf60f6a1f2f8c1cb748e8fe762d2bf9d3148b5599295b0fc4f", size = 165727 }
wheels = [
    { url = "https://files.pythonhosted.org/packages/20/12/38679034af332785aac8774540895e234f4d07f7545804097de4b666afd8/packaging-25.0-py3-none-any.whl", hash = "sha256:29572ef2b1f17581046b3a2227d5c611fb25ec70ca1ba8554b24b0e69331a484", size = 66469 },
]

[[package]]
name = "pandas"
version = "1.4.3"
source = { registry = "https://pypi.org/simple" }
dependencies = [
    { name = "numpy" },
    { name = "python-dateutil" },
    { name = "pytz" },
]
sdist = { url = "https://files.pythonhosted.org/packages/f4/00/2de395c769335956b8650f990ef2a15e860be83b544c408ff95713446329/pandas-1.4.3.tar.gz", hash = "sha256:2ff7788468e75917574f080cd4681b27e1a7bf36461fe968b49a87b5a54d007c", size = 4941520 }
wheels = [
    { url = "https://files.pythonhosted.org/packages/74/80/114ce64b02347bbadc70b7e8de3a0076ec346fb6e315ead06756cbc1bcb9/pandas-1.4.3-cp310-cp310-macosx_10_9_universal2.whl", hash = "sha256:d51674ed8e2551ef7773820ef5dab9322be0828629f2cbf8d1fc31a0c4fed640", size = 17709225 },
    { url = "https://files.pythonhosted.org/packages/ec/49/0b304252f670ce4074eeddb61f184b81708826343e89ee90c0395db32f71/pandas-1.4.3-cp310-cp310-macosx_10_9_x86_64.whl", hash = "sha256:16ad23db55efcc93fa878f7837267973b61ea85d244fc5ff0ccbcfa5638706c5", size = 11459027 },
    { url = "https://files.pythonhosted.org/packages/df/88/d6176ffc5b271924f45e356cd0f5781538446ce143f693ba8dbabeea10b8/pandas-1.4.3-cp310-cp310-macosx_11_0_arm64.whl", hash = "sha256:958a0588149190c22cdebbc0797e01972950c927a11a900fe6c2296f207b1d6f", size = 10387897 },
    { url = "https://files.pythonhosted.org/packages/41/81/1686c25606ac4a1228769be5558cef8d54c0fbc987c5d592fa7d01087b16/pandas-1.4.3-cp310-cp310-manylinux_2_17_aarch64.manylinux2014_aarch64.whl", hash = "sha256:e48fbb64165cda451c06a0f9e4c7a16b534fcabd32546d531b3c240ce2844112", size = 10898105 },
    { url = "https://files.pythonhosted.org/packages/ea/e4/a1cbaca4069fdd92c930bb1c5eebd9ea9c55717a9bf60bd41708c8a33f5a/pandas-1.4.3-cp310-cp310-manylinux_2_17_x86_64.manylinux2014_x86_64.whl", hash = "sha256:6f803320c9da732cc79210d7e8cc5c8019aad512589c910c66529eb1b1818230", size = 11593339 },
    { url = "https://files.pythonhosted.org/packages/8b/de/6b3be78f2360e97fba531584e4d86428a6bfe194ec4b3acce5df604a2aab/pandas-1.4.3-cp310-cp310-win_amd64.whl", hash = "sha256:2893e923472a5e090c2d5e8db83e8f907364ec048572084c7d10ef93546be6d1", size = 10470753 },
]

[[package]]
name = "pathspec"
version = "0.12.1"
source = { registry = "https://pypi.org/simple" }
sdist = { url = "https://files.pythonhosted.org/packages/ca/bc/f35b8446f4531a7cb215605d100cd88b7ac6f44ab3fc94870c120ab3adbf/pathspec-0.12.1.tar.gz", hash = "sha256:a482d51503a1ab33b1c67a6c3813a26953dbdc71c31dacaef9a838c4e29f5712", size = 51043 }
wheels = [
    { url = "https://files.pythonhosted.org/packages/cc/20/ff623b09d963f88bfde16306a54e12ee5ea43e9b597108672ff3a408aad6/pathspec-0.12.1-py3-none-any.whl", hash = "sha256:a0d503e138a4c123b27490a4f7beda6a01c6f288df0e4a8b79c7eb0dc7b4cc08", size = 31191 },
]

[[package]]
name = "pillow"
version = "10.4.0"
source = { registry = "https://pypi.org/simple" }
sdist = { url = "https://files.pythonhosted.org/packages/cd/74/ad3d526f3bf7b6d3f408b73fde271ec69dfac8b81341a318ce825f2b3812/pillow-10.4.0.tar.gz", hash = "sha256:166c1cd4d24309b30d61f79f4a9114b7b2313d7450912277855ff5dfd7cd4a06", size = 46555059 }
wheels = [
    { url = "https://files.pythonhosted.org/packages/0e/69/a31cccd538ca0b5272be2a38347f8839b97a14be104ea08b0db92f749c74/pillow-10.4.0-cp310-cp310-macosx_10_10_x86_64.whl", hash = "sha256:4d9667937cfa347525b319ae34375c37b9ee6b525440f3ef48542fcf66f2731e", size = 3509271 },
    { url = "https://files.pythonhosted.org/packages/9a/9e/4143b907be8ea0bce215f2ae4f7480027473f8b61fcedfda9d851082a5d2/pillow-10.4.0-cp310-cp310-macosx_11_0_arm64.whl", hash = "sha256:543f3dc61c18dafb755773efc89aae60d06b6596a63914107f75459cf984164d", size = 3375658 },
    { url = "https://files.pythonhosted.org/packages/8a/25/1fc45761955f9359b1169aa75e241551e74ac01a09f487adaaf4c3472d11/pillow-10.4.0-cp310-cp310-manylinux_2_17_aarch64.manylinux2014_aarch64.whl", hash = "sha256:7928ecbf1ece13956b95d9cbcfc77137652b02763ba384d9ab508099a2eca856", size = 4332075 },
    { url = "https://files.pythonhosted.org/packages/5e/dd/425b95d0151e1d6c951f45051112394f130df3da67363b6bc75dc4c27aba/pillow-10.4.0-cp310-cp310-manylinux_2_17_x86_64.manylinux2014_x86_64.whl", hash = "sha256:e4d49b85c4348ea0b31ea63bc75a9f3857869174e2bf17e7aba02945cd218e6f", size = 4444808 },
    { url = "https://files.pythonhosted.org/packages/b1/84/9a15cc5726cbbfe7f9f90bfb11f5d028586595907cd093815ca6644932e3/pillow-10.4.0-cp310-cp310-manylinux_2_28_aarch64.whl", hash = "sha256:6c762a5b0997f5659a5ef2266abc1d8851ad7749ad9a6a5506eb23d314e4f46b", size = 4356290 },
    { url = "https://files.pythonhosted.org/packages/b5/5b/6651c288b08df3b8c1e2f8c1152201e0b25d240e22ddade0f1e242fc9fa0/pillow-10.4.0-cp310-cp310-manylinux_2_28_x86_64.whl", hash = "sha256:a985e028fc183bf12a77a8bbf36318db4238a3ded7fa9df1b9a133f1cb79f8fc", size = 4525163 },
    { url = "https://files.pythonhosted.org/packages/07/8b/34854bf11a83c248505c8cb0fcf8d3d0b459a2246c8809b967963b6b12ae/pillow-10.4.0-cp310-cp310-musllinux_1_2_aarch64.whl", hash = "sha256:812f7342b0eee081eaec84d91423d1b4650bb9828eb53d8511bcef8ce5aecf1e", size = 4463100 },
    { url = "https://files.pythonhosted.org/packages/78/63/0632aee4e82476d9cbe5200c0cdf9ba41ee04ed77887432845264d81116d/pillow-10.4.0-cp310-cp310-musllinux_1_2_x86_64.whl", hash = "sha256:ac1452d2fbe4978c2eec89fb5a23b8387aba707ac72810d9490118817d9c0b46", size = 4592880 },
    { url = "https://files.pythonhosted.org/packages/df/56/b8663d7520671b4398b9d97e1ed9f583d4afcbefbda3c6188325e8c297bd/pillow-10.4.0-cp310-cp310-win32.whl", hash = "sha256:bcd5e41a859bf2e84fdc42f4edb7d9aba0a13d29a2abadccafad99de3feff984", size = 2235218 },
    { url = "https://files.pythonhosted.org/packages/f4/72/0203e94a91ddb4a9d5238434ae6c1ca10e610e8487036132ea9bf806ca2a/pillow-10.4.0-cp310-cp310-win_amd64.whl", hash = "sha256:ecd85a8d3e79cd7158dec1c9e5808e821feea088e2f69a974db5edf84dc53141", size = 2554487 },
    { url = "https://files.pythonhosted.org/packages/bd/52/7e7e93d7a6e4290543f17dc6f7d3af4bd0b3dd9926e2e8a35ac2282bc5f4/pillow-10.4.0-cp310-cp310-win_arm64.whl", hash = "sha256:ff337c552345e95702c5fde3158acb0625111017d0e5f24bf3acdb9cc16b90d1", size = 2243219 },
    { url = "https://files.pythonhosted.org/packages/38/30/095d4f55f3a053392f75e2eae45eba3228452783bab3d9a920b951ac495c/pillow-10.4.0-pp310-pypy310_pp73-macosx_10_15_x86_64.whl", hash = "sha256:5b4815f2e65b30f5fbae9dfffa8636d992d49705723fe86a3661806e069352d4", size = 3493889 },
    { url = "https://files.pythonhosted.org/packages/f3/e8/4ff79788803a5fcd5dc35efdc9386af153569853767bff74540725b45863/pillow-10.4.0-pp310-pypy310_pp73-macosx_11_0_arm64.whl", hash = "sha256:8f0aef4ef59694b12cadee839e2ba6afeab89c0f39a3adc02ed51d109117b8da", size = 3346160 },
    { url = "https://files.pythonhosted.org/packages/d7/ac/4184edd511b14f760c73f5bb8a5d6fd85c591c8aff7c2229677a355c4179/pillow-10.4.0-pp310-pypy310_pp73-manylinux_2_17_aarch64.manylinux2014_aarch64.whl", hash = "sha256:9f4727572e2918acaa9077c919cbbeb73bd2b3ebcfe033b72f858fc9fbef0026", size = 3435020 },
    { url = "https://files.pythonhosted.org/packages/da/21/1749cd09160149c0a246a81d646e05f35041619ce76f6493d6a96e8d1103/pillow-10.4.0-pp310-pypy310_pp73-manylinux_2_17_x86_64.manylinux2014_x86_64.whl", hash = "sha256:ff25afb18123cea58a591ea0244b92eb1e61a1fd497bf6d6384f09bc3262ec3e", size = 3490539 },
    { url = "https://files.pythonhosted.org/packages/b6/f5/f71fe1888b96083b3f6dfa0709101f61fc9e972c0c8d04e9d93ccef2a045/pillow-10.4.0-pp310-pypy310_pp73-manylinux_2_28_aarch64.whl", hash = "sha256:dc3e2db6ba09ffd7d02ae9141cfa0ae23393ee7687248d46a7507b75d610f4f5", size = 3476125 },
    { url = "https://files.pythonhosted.org/packages/96/b9/c0362c54290a31866c3526848583a2f45a535aa9d725fd31e25d318c805f/pillow-10.4.0-pp310-pypy310_pp73-manylinux_2_28_x86_64.whl", hash = "sha256:02a2be69f9c9b8c1e97cf2713e789d4e398c751ecfd9967c18d0ce304efbf885", size = 3579373 },
    { url = "https://files.pythonhosted.org/packages/52/3b/ce7a01026a7cf46e5452afa86f97a5e88ca97f562cafa76570178ab56d8d/pillow-10.4.0-pp310-pypy310_pp73-win_amd64.whl", hash = "sha256:0755ffd4a0c6f267cccbae2e9903d95477ca2f77c4fcf3a3a09570001856c8a5", size = 2554661 },
]

[[package]]
name = "platformdirs"
version = "4.3.6"
source = { registry = "https://pypi.org/simple" }
sdist = { url = "https://files.pythonhosted.org/packages/13/fc/128cc9cb8f03208bdbf93d3aa862e16d376844a14f9a0ce5cf4507372de4/platformdirs-4.3.6.tar.gz", hash = "sha256:357fb2acbc885b0419afd3ce3ed34564c13c9b95c89360cd9563f73aa5e2b907", size = 21302 }
wheels = [
    { url = "https://files.pythonhosted.org/packages/3c/a6/bc1012356d8ece4d66dd75c4b9fc6c1f6650ddd5991e421177d9f8f671be/platformdirs-4.3.6-py3-none-any.whl", hash = "sha256:73e575e1408ab8103900836b97580d5307456908a03e92031bab39e4554cc3fb", size = 18439 },
]

[[package]]
name = "pycodestyle"
version = "2.8.0"
source = { registry = "https://pypi.org/simple" }
sdist = { url = "https://files.pythonhosted.org/packages/08/dc/b29daf0a202b03f57c19e7295b60d1d5e1281c45a6f5f573e41830819918/pycodestyle-2.8.0.tar.gz", hash = "sha256:eddd5847ef438ea1c7870ca7eb78a9d47ce0cdb4851a5523949f2601d0cbbe7f", size = 102299 }
wheels = [
    { url = "https://files.pythonhosted.org/packages/15/94/bc43a2efb7b8615e38acde2b6624cae8c9ec86faf718ff5676c5179a7714/pycodestyle-2.8.0-py2.py3-none-any.whl", hash = "sha256:720f8b39dde8b293825e7ff02c475f3077124006db4f440dcbc9a20b76548a20", size = 42112 },
]

[[package]]
name = "pyflakes"
version = "2.4.0"
source = { registry = "https://pypi.org/simple" }
sdist = { url = "https://files.pythonhosted.org/packages/15/60/c577e54518086e98470e9088278247f4af1d39cb43bcbd731e2c307acd6a/pyflakes-2.4.0.tar.gz", hash = "sha256:05a85c2872edf37a4ed30b0cce2f6093e1d0581f8c19d7393122da7e25b2b24c", size = 69101 }
wheels = [
    { url = "https://files.pythonhosted.org/packages/43/fb/38848eb494af7df9aeb2d7673ace8b213313eb7e391691a79dbaeb6a838f/pyflakes-2.4.0-py2.py3-none-any.whl", hash = "sha256:3bb3a3f256f4b7968c9c788781e4ff07dce46bdf12339dcda61053375426ee2e", size = 69704 },
]

[[package]]
name = "pyparsing"
version = "3.1.4"
source = { registry = "https://pypi.org/simple" }
sdist = { url = "https://files.pythonhosted.org/packages/83/08/13f3bce01b2061f2bbd582c9df82723de943784cf719a35ac886c652043a/pyparsing-3.1.4.tar.gz", hash = "sha256:f86ec8d1a83f11977c9a6ea7598e8c27fc5cddfa5b07ea2241edbbde1d7bc032", size = 900231 }
wheels = [
    { url = "https://files.pythonhosted.org/packages/e5/0c/0e3c05b1c87bb6a1c76d281b0f35e78d2d80ac91b5f8f524cebf77f51049/pyparsing-3.1.4-py3-none-any.whl", hash = "sha256:a6a7ee4235a3f944aa1fa2249307708f893fe5717dc603503c6c7969c070fb7c", size = 104100 },
]

[[package]]
name = "pyright"
version = "1.1.256"
source = { registry = "https://pypi.org/simple" }
dependencies = [
    { name = "nodeenv" },
]
sdist = { url = "https://files.pythonhosted.org/packages/c0/b3/c61554be270553570669eb3156fe35edcb6aa6c70da93df63fafe4e1858e/pyright-1.1.256.tar.gz", hash = "sha256:cc0358cfb500770d2bbe4dfdb9257c45c7490a87eef0ffb8f314e84f92af28e6", size = 15672 }
wheels = [
    { url = "https://files.pythonhosted.org/packages/83/ca/439a09f43e442da47ce03e768673ddaaa89b5da53c480d6378c8eda2f92c/pyright-1.1.256-py3-none-any.whl", hash = "sha256:30beb7cecbe254aab5b049844c5399d11cd028ea3fba8eb56d50b7c1e0a8e175", size = 16107 },
]

[[package]]
name = "python-dateutil"
version = "2.9.0.post0"
source = { registry = "https://pypi.org/simple" }
dependencies = [
    { name = "six" },
]
sdist = { url = "https://files.pythonhosted.org/packages/66/c0/0c8b6ad9f17a802ee498c46e004a0eb49bc148f2fd230864601a86dcf6db/python-dateutil-2.9.0.post0.tar.gz", hash = "sha256:37dd54208da7e1cd875388217d5e00ebd4179249f90fb72437e91a35459a0ad3", size = 342432 }
wheels = [
    { url = "https://files.pythonhosted.org/packages/ec/57/56b9bcc3c9c6a792fcbaf139543cee77261f3651ca9da0c93f5c1221264b/python_dateutil-2.9.0.post0-py2.py3-none-any.whl", hash = "sha256:a8b2bc7bffae282281c8140a97d3aa9c14da0b136dfe83f850eea9a5f7470427", size = 229892 },
]

[[package]]
name = "python-sat"
version = "0.1.7.dev18"
source = { registry = "https://pypi.org/simple" }
dependencies = [
    { name = "six" },
]
sdist = { url = "https://files.pythonhosted.org/packages/21/a5/782af1c9c9ae64cead20be08f0239ccf24f374cc4c86ca9ead72d53e6db7/python-sat-0.1.7.dev18.tar.gz", hash = "sha256:2a9e0d61b62f535ccbe35f09bc0f2981994fbc6c786cf6a8e7572001929d8a00", size = 3583441 }
wheels = [
    { url = "https://files.pythonhosted.org/packages/5d/de/e2eecf8cd0df0f9e6ad594bfac1cc6d0c9b034c281bfdaaa3d29252afde7/python_sat-0.1.7.dev18-cp310-cp310-macosx_12_0_x86_64.whl", hash = "sha256:2965b8cb722dd74e5e5189fff82a4d7d1d9c2893e3005715c7da54f96e24fa6a", size = 1007563 },
    { url = "https://files.pythonhosted.org/packages/74/60/1834fe1db1ade468e0f283ce34971ef8317b0291565ea0bc7febd561b808/python_sat-0.1.7.dev18-cp310-cp310-manylinux_2_17_aarch64.manylinux2014_aarch64.whl", hash = "sha256:a9b3e374b97a4b2cee6eeef8ad5d05b261df12ab21281d7d7766a712e8c99f23", size = 1803031 },
    { url = "https://files.pythonhosted.org/packages/82/f6/4cb56c4d0194f18cd9df6f18c000cf6cb2f63fbabc187f8915cafe31f6d7/python_sat-0.1.7.dev18-cp310-cp310-win_amd64.whl", hash = "sha256:46a9a509c2ef27830dcfc886749522ab041529cd59ef8000a1b70a34c7a2f3d9", size = 811972 },
]

[[package]]
name = "pytz"
version = "2025.2"
source = { registry = "https://pypi.org/simple" }
sdist = { url = "https://files.pythonhosted.org/packages/f8/bf/abbd3cdfb8fbc7fb3d4d38d320f2441b1e7cbe29be4f23797b4a2b5d8aac/pytz-2025.2.tar.gz", hash = "sha256:360b9e3dbb49a209c21ad61809c7fb453643e048b38924c765813546746e81c3", size = 320884 }
wheels = [
    { url = "https://files.pythonhosted.org/packages/81/c4/34e93fe5f5429d7570ec1fa436f1986fb1f00c3e0f43a589fe2bbcd22c3f/pytz-2025.2-py2.py3-none-any.whl", hash = "sha256:5ddf76296dd8c44c26eb8f4b6f35488f3ccbf6fbbd7adee0b7262d43f0ec2f00", size = 509225 },
]

[[package]]
name = "satcomp"
version = "0.1.0"
source = { virtual = "." }
dependencies = [
    { name = "dataclasses-json" },
    { name = "joblib" },
    { name = "matplotlib" },
    { name = "numpy" },
    { name = "pandas" },
    { name = "python-sat" },
    { name = "sympy" },
    { name = "tqdm" },
]

[package.dev-dependencies]
dev = [
    { name = "black" },
    { name = "flake8" },
    { name = "isort" },
    { name = "pyright" },
]

[package.metadata]
requires-dist = [
    { name = "dataclasses-json", specifier = ">=0.5.7" },
    { name = "joblib", specifier = ">=1.1.0" },
    { name = "matplotlib", specifier = ">=3.5.2" },
    { name = "numpy", specifier = ">=1.23.0" },
    { name = "pandas", specifier = ">=1.4.3" },
    { name = "python-sat", specifier = ">=0.1.7.dev18" },
    { name = "sympy", specifier = ">=1.10.1" },
    { name = "tqdm", specifier = ">=4.64.0" },
]

[package.metadata.requires-dev]
dev = [
    { name = "black", specifier = ">=22.6.0" },
    { name = "flake8", specifier = ">=4.0.1" },
    { name = "isort", specifier = ">=5.10.1" },
    { name = "pyright", specifier = ">=1.1.256" },
]

[[package]]
name = "six"
version = "1.17.0"
source = { registry = "https://pypi.org/simple" }
sdist = { url = "https://files.pythonhosted.org/packages/94/e7/b2c673351809dca68a0e064b6af791aa332cf192da575fd474ed7d6f16a2/six-1.17.0.tar.gz", hash = "sha256:ff70335d468e7eb6ec65b95b99d3a2836546063f63acc5171de367e834932a81", size = 34031 }
wheels = [
    { url = "https://files.pythonhosted.org/packages/b7/ce/149a00dd41f10bc29e5921b496af8b574d8413afcd5e30dfa0ed46c2cc5e/six-1.17.0-py2.py3-none-any.whl", hash = "sha256:4721f391ed90541fddacab5acf947aa0d3dc7d27b2e1e8eda2be8970586c3274", size = 11050 },
]

[[package]]
name = "sympy"
version = "1.10.1"
source = { registry = "https://pypi.org/simple" }
dependencies = [
    { name = "mpmath" },
]
sdist = { url = "https://files.pythonhosted.org/packages/65/39/fb448ba86935456b4e34106d4c5eb10bb9d891cfaa4426f016b4dedc8ed8/sympy-1.10.1.tar.gz", hash = "sha256:5939eeffdf9e152172601463626c022a2c27e75cf6278de8d401d50c9d58787b", size = 7111192 }
wheels = [
    { url = "https://files.pythonhosted.org/packages/d0/04/66be21ceb305c66a4b326b0ae44cc4f027a43bc08cac204b48fb45bb3653/sympy-1.10.1-py3-none-any.whl", hash = "sha256:df75d738930f6fe9ebe7034e59d56698f29e85f443f743e51e47df0caccc2130", size = 6397631 },
]

[[package]]
name = "tomli"
version = "2.2.1"
source = { registry = "https://pypi.org/simple" }
sdist = { url = "https://files.pythonhosted.org/packages/18/87/302344fed471e44a87289cf4967697d07e532f2421fdaf868a303cbae4ff/tomli-2.2.1.tar.gz", hash = "sha256:cd45e1dc79c835ce60f7404ec8119f2eb06d38b1deba146f07ced3bbc44505ff", size = 17175 }
wheels = [
    { url = "https://files.pythonhosted.org/packages/6e/c2/61d3e0f47e2b74ef40a68b9e6ad5984f6241a942f7cd3bbfbdbd03861ea9/tomli-2.2.1-py3-none-any.whl", hash = "sha256:cb55c73c5f4408779d0cf3eef9f762b9c9f147a77de7b258bef0a5628adc85cc", size = 14257 },
]

[[package]]
name = "tqdm"
version = "4.64.0"
source = { registry = "https://pypi.org/simple" }
dependencies = [
    { name = "colorama", marker = "sys_platform == 'win32'" },
]
sdist = { url = "https://files.pythonhosted.org/packages/98/2a/838de32e09bd511cf69fe4ae13ffc748ac143449bfc24bb3fd172d53a84f/tqdm-4.64.0.tar.gz", hash = "sha256:40be55d30e200777a307a7585aee69e4eabb46b4ec6a4b4a5f2d9f11e7d5408d", size = 169499 }
wheels = [
    { url = "https://files.pythonhosted.org/packages/8a/c4/d15f1e627fff25443ded77ea70a7b5532d6371498f9285d44d62587e209c/tqdm-4.64.0-py2.py3-none-any.whl", hash = "sha256:74a2cdefe14d11442cedf3ba4e21a3b84ff9a2dbdc6cfae2c34addb2a14a5ea6", size = 78448 },
]

[[package]]
name = "typing-extensions"
version = "4.13.2"
source = { registry = "https://pypi.org/simple" }
sdist = { url = "https://files.pythonhosted.org/packages/f6/37/23083fcd6e35492953e8d2aaaa68b860eb422b34627b13f2ce3eb6106061/typing_extensions-4.13.2.tar.gz", hash = "sha256:e6c81219bd689f51865d9e372991c540bda33a0379d5573cddb9a3a23f7caaef", size = 106967 }
wheels = [
    { url = "https://files.pythonhosted.org/packages/8b/54/b1ae86c0973cc6f0210b53d508ca3641fb6d0c56823f288d108bc7ab3cc8/typing_extensions-4.13.2-py3-none-any.whl", hash = "sha256:a439e7c04b49fec3e5d3e2beaa21755cadbbdc391694e28ccdd36ca4a1408f8c", size = 45806 },
]

[[package]]
name = "typing-inspect"
version = "0.9.0"
source = { registry = "https://pypi.org/simple" }
dependencies = [
    { name = "mypy-extensions" },
    { name = "typing-extensions" },
]
sdist = { url = "https://files.pythonhosted.org/packages/dc/74/1789779d91f1961fa9438e9a8710cdae6bd138c80d7303996933d117264a/typing_inspect-0.9.0.tar.gz", hash = "sha256:b23fc42ff6f6ef6954e4852c1fb512cdd18dbea03134f91f856a95ccc9461f78", size = 13825 }
wheels = [
    { url = "https://files.pythonhosted.org/packages/65/f3/107a22063bf27bdccf2024833d3445f4eea42b2e598abfbd46f6a63b6cb0/typing_inspect-0.9.0-py3-none-any.whl", hash = "sha256:9ee6fc59062311ef8547596ab6b955e1b8aa46242d854bfc78f4f6b0eff35f9f", size = 8827 },
]
