version = 1
requires-python = "==3.10.*"

[[package]]
name = "black"
version = "25.9.0"
source = { registry = "https://pypi.org/simple" }
dependencies = [
    { name = "click" },
    { name = "mypy-extensions" },
    { name = "packaging" },
    { name = "pathspec" },
    { name = "platformdirs" },
    { name = "pytokens" },
    { name = "tomli" },
    { name = "typing-extensions" },
]
sdist = { url = "https://files.pythonhosted.org/packages/4b/43/20b5c90612d7bdb2bdbcceeb53d588acca3bb8f0e4c5d5c751a2c8fdd55a/black-25.9.0.tar.gz", hash = "sha256:0474bca9a0dd1b51791fcc507a4e02078a1c63f6d4e4ae5544b9848c7adfb619", size = 648393 }
wheels = [
    { url = "https://files.pythonhosted.org/packages/25/40/dbe31fc56b218a858c8fc6f5d8d3ba61c1fa7e989d43d4a4574b8b992840/black-25.9.0-cp310-cp310-macosx_10_9_x86_64.whl", hash = "sha256:ce41ed2614b706fd55fd0b4a6909d06b5bab344ffbfadc6ef34ae50adba3d4f7", size = 1715605 },
    { url = "https://files.pythonhosted.org/packages/92/b2/f46800621200eab6479b1f4c0e3ede5b4c06b768e79ee228bc80270bcc74/black-25.9.0-cp310-cp310-macosx_11_0_arm64.whl", hash = "sha256:2ab0ce111ef026790e9b13bd216fa7bc48edd934ffc4cbf78808b235793cbc92", size = 1571829 },
    { url = "https://files.pythonhosted.org/packages/4e/64/5c7f66bd65af5c19b4ea86062bb585adc28d51d37babf70969e804dbd5c2/black-25.9.0-cp310-cp310-manylinux_2_17_x86_64.manylinux2014_x86_64.manylinux_2_28_x86_64.whl", hash = "sha256:f96b6726d690c96c60ba682955199f8c39abc1ae0c3a494a9c62c0184049a713", size = 1631888 },
    { url = "https://files.pythonhosted.org/packages/3b/64/0b9e5bfcf67db25a6eef6d9be6726499a8a72ebab3888c2de135190853d3/black-25.9.0-cp310-cp310-win_amd64.whl", hash = "sha256:d119957b37cc641596063cd7db2656c5be3752ac17877017b2ffcdb9dfc4d2b1", size = 1327056 },
    { url = "https://files.pythonhosted.org/packages/1b/46/863c90dcd3f9d41b109b7f19032ae0db021f0b2a81482ba0a1e28c84de86/black-25.9.0-py3-none-any.whl", hash = "sha256:474b34c1342cdc157d307b56c4c65bce916480c4a8f6551fdc6bf9b486a7c4ae", size = 203363 },
]

[[package]]
name = "click"
version = "8.3.0"
source = { registry = "https://pypi.org/simple" }
dependencies = [
    { name = "colorama", marker = "sys_platform == 'win32'" },
]
sdist = { url = "https://files.pythonhosted.org/packages/46/61/de6cd827efad202d7057d93e0fed9294b96952e188f7384832791c7b2254/click-8.3.0.tar.gz", hash = "sha256:e7b8232224eba16f4ebe410c25ced9f7875cb5f3263ffc93cc3e8da705e229c4", size = 276943 }
wheels = [
    { url = "https://files.pythonhosted.org/packages/db/d3/9dcc0f5797f070ec8edf30fbadfb200e71d9db6b84d211e3b2085a7589a0/click-8.3.0-py3-none-any.whl", hash = "sha256:9b9f285302c6e3064f4330c05f05b81945b2a39544279343e6e7c5f27a9baddc", size = 107295 },
]

[[package]]
name = "colorama"
version = "0.4.6"
source = { registry = "https://pypi.org/simple" }
sdist = { url = "https://files.pythonhosted.org/packages/d8/53/6f443c9a4a8358a93a6792e2acffb9d9d5cb0a5cfd8802644b7b1c9a02e4/colorama-0.4.6.tar.gz", hash = "sha256:08695f5cb7ed6e0531a20572697297273c47b8cae5a63ffc6d6ed5c201be6e44", size = 27697 }
wheels = [
    { url = "https://files.pythonhosted.org/packages/d1/d6/3965ed04c63042e047cb6a3e6ed1a63a35087b6a609aa3a15ed8ac56c221/colorama-0.4.6-py2.py3-none-any.whl", hash = "sha256:4f1d9991f5acc0ca119f9d443620b77f9d6b33703e51011c16baf57afb285fc6", size = 25335 },
]

[[package]]
name = "contourpy"
version = "1.3.2"
source = { registry = "https://pypi.org/simple" }
dependencies = [
    { name = "numpy" },
]
sdist = { url = "https://files.pythonhosted.org/packages/66/54/eb9bfc647b19f2009dd5c7f5ec51c4e6ca831725f1aea7a993034f483147/contourpy-1.3.2.tar.gz", hash = "sha256:b6945942715a034c671b7fc54f9588126b0b8bf23db2696e3ca8328f3ff0ab54", size = 13466130 }
wheels = [
    { url = "https://files.pythonhosted.org/packages/12/a3/da4153ec8fe25d263aa48c1a4cbde7f49b59af86f0b6f7862788c60da737/contourpy-1.3.2-cp310-cp310-macosx_10_9_x86_64.whl", hash = "sha256:ba38e3f9f330af820c4b27ceb4b9c7feee5fe0493ea53a8720f4792667465934", size = 268551 },
    { url = "https://files.pythonhosted.org/packages/2f/6c/330de89ae1087eb622bfca0177d32a7ece50c3ef07b28002de4757d9d875/contourpy-1.3.2-cp310-cp310-macosx_11_0_arm64.whl", hash = "sha256:dc41ba0714aa2968d1f8674ec97504a8f7e334f48eeacebcaa6256213acb0989", size = 253399 },
    { url = "https://files.pythonhosted.org/packages/c1/bd/20c6726b1b7f81a8bee5271bed5c165f0a8e1f572578a9d27e2ccb763cb2/contourpy-1.3.2-cp310-cp310-manylinux_2_17_aarch64.manylinux2014_aarch64.whl", hash = "sha256:9be002b31c558d1ddf1b9b415b162c603405414bacd6932d031c5b5a8b757f0d", size = 312061 },
    { url = "https://files.pythonhosted.org/packages/22/fc/a9665c88f8a2473f823cf1ec601de9e5375050f1958cbb356cdf06ef1ab6/contourpy-1.3.2-cp310-cp310-manylinux_2_17_ppc64le.manylinux2014_ppc64le.whl", hash = "sha256:8d2e74acbcba3bfdb6d9d8384cdc4f9260cae86ed9beee8bd5f54fee49a430b9", size = 351956 },
    { url = "https://files.pythonhosted.org/packages/25/eb/9f0a0238f305ad8fb7ef42481020d6e20cf15e46be99a1fcf939546a177e/contourpy-1.3.2-cp310-cp310-manylinux_2_17_s390x.manylinux2014_s390x.whl", hash = "sha256:e259bced5549ac64410162adc973c5e2fb77f04df4a439d00b478e57a0e65512", size = 320872 },
    { url = "https://files.pythonhosted.org/packages/32/5c/1ee32d1c7956923202f00cf8d2a14a62ed7517bdc0ee1e55301227fc273c/contourpy-1.3.2-cp310-cp310-manylinux_2_17_x86_64.manylinux2014_x86_64.whl", hash = "sha256:ad687a04bc802cbe8b9c399c07162a3c35e227e2daccf1668eb1f278cb698631", size = 325027 },
    { url = "https://files.pythonhosted.org/packages/83/bf/9baed89785ba743ef329c2b07fd0611d12bfecbedbdd3eeecf929d8d3b52/contourpy-1.3.2-cp310-cp310-musllinux_1_2_aarch64.whl", hash = "sha256:cdd22595308f53ef2f891040ab2b93d79192513ffccbd7fe19be7aa773a5e09f", size = 1306641 },
    { url = "https://files.pythonhosted.org/packages/d4/cc/74e5e83d1e35de2d28bd97033426b450bc4fd96e092a1f7a63dc7369b55d/contourpy-1.3.2-cp310-cp310-musllinux_1_2_x86_64.whl", hash = "sha256:b4f54d6a2defe9f257327b0f243612dd051cc43825587520b1bf74a31e2f6ef2", size = 1374075 },
    { url = "https://files.pythonhosted.org/packages/0c/42/17f3b798fd5e033b46a16f8d9fcb39f1aba051307f5ebf441bad1ecf78f8/contourpy-1.3.2-cp310-cp310-win32.whl", hash = "sha256:f939a054192ddc596e031e50bb13b657ce318cf13d264f095ce9db7dc6ae81c0", size = 177534 },
    { url = "https://files.pythonhosted.org/packages/54/ec/5162b8582f2c994721018d0c9ece9dc6ff769d298a8ac6b6a652c307e7df/contourpy-1.3.2-cp310-cp310-win_amd64.whl", hash = "sha256:c440093bbc8fc21c637c03bafcbef95ccd963bc6e0514ad887932c18ca2a759a", size = 221188 },
    { url = "https://files.pythonhosted.org/packages/33/05/b26e3c6ecc05f349ee0013f0bb850a761016d89cec528a98193a48c34033/contourpy-1.3.2-pp310-pypy310_pp73-macosx_10_15_x86_64.whl", hash = "sha256:fd93cc7f3139b6dd7aab2f26a90dde0aa9fc264dbf70f6740d498a70b860b82c", size = 265681 },
    { url = "https://files.pythonhosted.org/packages/2b/25/ac07d6ad12affa7d1ffed11b77417d0a6308170f44ff20fa1d5aa6333f03/contourpy-1.3.2-pp310-pypy310_pp73-manylinux_2_17_x86_64.manylinux2014_x86_64.whl", hash = "sha256:107ba8a6a7eec58bb475329e6d3b95deba9440667c4d62b9b6063942b61d7f16", size = 315101 },
    { url = "https://files.pythonhosted.org/packages/8f/4d/5bb3192bbe9d3f27e3061a6a8e7733c9120e203cb8515767d30973f71030/contourpy-1.3.2-pp310-pypy310_pp73-win_amd64.whl", hash = "sha256:ded1706ed0c1049224531b81128efbd5084598f18d8a2d9efae833edbd2b40ad", size = 220599 },
]

[[package]]
name = "cycler"
version = "0.12.1"
source = { registry = "https://pypi.org/simple" }
sdist = { url = "https://files.pythonhosted.org/packages/a9/95/a3dbbb5028f35eafb79008e7522a75244477d2838f38cbb722248dabc2a8/cycler-0.12.1.tar.gz", hash = "sha256:88bb128f02ba341da8ef447245a9e138fae777f6a23943da4540077d3601eb1c", size = 7615 }
wheels = [
    { url = "https://files.pythonhosted.org/packages/e7/05/c19819d5e3d95294a6f5947fb9b9629efb316b96de511b418c53d245aae6/cycler-0.12.1-py3-none-any.whl", hash = "sha256:85cef7cff222d8644161529808465972e51340599459b8ac3ccbac5a854e0d30", size = 8321 },
]

[[package]]
name = "dataclasses-json"
version = "0.6.7"
source = { registry = "https://pypi.org/simple" }
dependencies = [
    { name = "marshmallow" },
    { name = "typing-inspect" },
]
sdist = { url = "https://files.pythonhosted.org/packages/64/a4/f71d9cf3a5ac257c993b5ca3f93df5f7fb395c725e7f1e6479d2514173c3/dataclasses_json-0.6.7.tar.gz", hash = "sha256:b6b3e528266ea45b9535223bc53ca645f5208833c29229e847b3f26a1cc55fc0", size = 32227 }
wheels = [
    { url = "https://files.pythonhosted.org/packages/c3/be/d0d44e092656fe7a06b55e6103cbce807cdbdee17884a5367c68c9860853/dataclasses_json-0.6.7-py3-none-any.whl", hash = "sha256:0dbf33f26c8d5305befd61b39d2b3414e8a407bedc2834dea9b8d642666fb40a", size = 28686 },
]

[[package]]
name = "flake8"
version = "7.3.0"
source = { registry = "https://pypi.org/simple" }
dependencies = [
    { name = "mccabe" },
    { name = "pycodestyle" },
    { name = "pyflakes" },
]
sdist = { url = "https://files.pythonhosted.org/packages/9b/af/fbfe3c4b5a657d79e5c47a2827a362f9e1b763336a52f926126aa6dc7123/flake8-7.3.0.tar.gz", hash = "sha256:fe044858146b9fc69b551a4b490d69cf960fcb78ad1edcb84e7fbb1b4a8e3872", size = 48326 }
wheels = [
    { url = "https://files.pythonhosted.org/packages/9f/56/13ab06b4f93ca7cac71078fbe37fcea175d3216f31f85c3168a6bbd0bb9a/flake8-7.3.0-py2.py3-none-any.whl", hash = "sha256:b9696257b9ce8beb888cdbe31cf885c90d31928fe202be0889a7cdafad32f01e", size = 57922 },
]

[[package]]
name = "fonttools"
version = "4.60.1"
source = { registry = "https://pypi.org/simple" }
sdist = { url = "https://files.pythonhosted.org/packages/4b/42/97a13e47a1e51a5a7142475bbcf5107fe3a68fc34aef331c897d5fb98ad0/fonttools-4.60.1.tar.gz", hash = "sha256:ef00af0439ebfee806b25f24c8f92109157ff3fac5731dc7867957812e87b8d9", size = 3559823 }
wheels = [
    { url = "https://files.pythonhosted.org/packages/26/70/03e9d89a053caff6ae46053890eba8e4a5665a7c5638279ed4492e6d4b8b/fonttools-4.60.1-cp310-cp310-macosx_10_9_universal2.whl", hash = "sha256:9a52f254ce051e196b8fe2af4634c2d2f02c981756c6464dc192f1b6050b4e28", size = 2810747 },
    { url = "https://files.pythonhosted.org/packages/6f/41/449ad5aff9670ab0df0f61ee593906b67a36d7e0b4d0cd7fa41ac0325bf5/fonttools-4.60.1-cp310-cp310-macosx_10_9_x86_64.whl", hash = "sha256:c7420a2696a44650120cdd269a5d2e56a477e2bfa9d95e86229059beb1c19e15", size = 2346909 },
    { url = "https://files.pythonhosted.org/packages/9a/18/e5970aa96c8fad1cb19a9479cc3b7602c0c98d250fcdc06a5da994309c50/fonttools-4.60.1-cp310-cp310-manylinux2014_aarch64.manylinux_2_17_aarch64.manylinux_2_28_aarch64.whl", hash = "sha256:ee0c0b3b35b34f782afc673d503167157094a16f442ace7c6c5e0ca80b08f50c", size = 4864572 },
    { url = "https://files.pythonhosted.org/packages/ce/20/9b2b4051b6ec6689480787d506b5003f72648f50972a92d04527a456192c/fonttools-4.60.1-cp310-cp310-manylinux2014_x86_64.manylinux_2_17_x86_64.whl", hash = "sha256:282dafa55f9659e8999110bd8ed422ebe1c8aecd0dc396550b038e6c9a08b8ea", size = 4794635 },
    { url = "https://files.pythonhosted.org/packages/10/52/c791f57347c1be98f8345e3dca4ac483eb97666dd7c47f3059aeffab8b59/fonttools-4.60.1-cp310-cp310-musllinux_1_2_aarch64.whl", hash = "sha256:4ba4bd646e86de16160f0fb72e31c3b9b7d0721c3e5b26b9fa2fc931dfdb2652", size = 4843878 },
    { url = "https://files.pythonhosted.org/packages/69/e9/35c24a8d01644cee8c090a22fad34d5b61d1e0a8ecbc9945ad785ebf2e9e/fonttools-4.60.1-cp310-cp310-musllinux_1_2_x86_64.whl", hash = "sha256:0b0835ed15dd5b40d726bb61c846a688f5b4ce2208ec68779bc81860adb5851a", size = 4954555 },
    { url = "https://files.pythonhosted.org/packages/f7/86/fb1e994971be4bdfe3a307de6373ef69a9df83fb66e3faa9c8114893d4cc/fonttools-4.60.1-cp310-cp310-win32.whl", hash = "sha256:1525796c3ffe27bb6268ed2a1bb0dcf214d561dfaf04728abf01489eb5339dce", size = 2232019 },
    { url = "https://files.pythonhosted.org/packages/40/84/62a19e2bd56f0e9fb347486a5b26376bade4bf6bbba64dda2c103bd08c94/fonttools-4.60.1-cp310-cp310-win_amd64.whl", hash = "sha256:268ecda8ca6cb5c4f044b1fb9b3b376e8cd1b361cef275082429dc4174907038", size = 2276803 },
    { url = "https://files.pythonhosted.org/packages/c7/93/0dd45cd283c32dea1545151d8c3637b4b8c53cdb3a625aeb2885b184d74d/fonttools-4.60.1-py3-none-any.whl", hash = "sha256:906306ac7afe2156fcf0042173d6ebbb05416af70f6b370967b47f8f00103bbb", size = 1143175 },
]

[[package]]
name = "isort"
version = "7.0.0"
source = { registry = "https://pypi.org/simple" }
sdist = { url = "https://files.pythonhosted.org/packages/63/53/4f3c058e3bace40282876f9b553343376ee687f3c35a525dc79dbd450f88/isort-7.0.0.tar.gz", hash = "sha256:5513527951aadb3ac4292a41a16cbc50dd1642432f5e8c20057d414bdafb4187", size = 805049 }
wheels = [
    { url = "https://files.pythonhosted.org/packages/7f/ed/e3705d6d02b4f7aea715a353c8ce193efd0b5db13e204df895d38734c244/isort-7.0.0-py3-none-any.whl", hash = "sha256:1bcabac8bc3c36c7fb7b98a76c8abb18e0f841a3ba81decac7691008592499c1", size = 94672 },
]

[[package]]
name = "joblib"
version = "1.5.2"
source = { registry = "https://pypi.org/simple" }
sdist = { url = "https://files.pythonhosted.org/packages/e8/5d/447af5ea094b9e4c4054f82e223ada074c552335b9b4b2d14bd9b35a67c4/joblib-1.5.2.tar.gz", hash = "sha256:3faa5c39054b2f03ca547da9b2f52fde67c06240c31853f306aea97f13647b55", size = 331077 }
wheels = [
    { url = "https://files.pythonhosted.org/packages/1e/e8/685f47e0d754320684db4425a0967f7d3fa70126bffd76110b7009a0090f/joblib-1.5.2-py3-none-any.whl", hash = "sha256:4e1f0bdbb987e6d843c70cf43714cb276623def372df3c22fe5266b2670bc241", size = 308396 },
]

[[package]]
name = "kiwisolver"
version = "1.4.9"
source = { registry = "https://pypi.org/simple" }
sdist = { url = "https://files.pythonhosted.org/packages/5c/3c/85844f1b0feb11ee581ac23fe5fce65cd049a200c1446708cc1b7f922875/kiwisolver-1.4.9.tar.gz", hash = "sha256:c3b22c26c6fd6811b0ae8363b95ca8ce4ea3c202d3d0975b2914310ceb1bcc4d", size = 97564 }
wheels = [
    { url = "https://files.pythonhosted.org/packages/c6/5d/8ce64e36d4e3aac5ca96996457dcf33e34e6051492399a3f1fec5657f30b/kiwisolver-1.4.9-cp310-cp310-macosx_10_9_universal2.whl", hash = "sha256:b4b4d74bda2b8ebf4da5bd42af11d02d04428b2c32846e4c2c93219df8a7987b", size = 124159 },
    { url = "https://files.pythonhosted.org/packages/96/1e/22f63ec454874378175a5f435d6ea1363dd33fb2af832c6643e4ccea0dc8/kiwisolver-1.4.9-cp310-cp310-macosx_10_9_x86_64.whl", hash = "sha256:fb3b8132019ea572f4611d770991000d7f58127560c4889729248eb5852a102f", size = 66578 },
    { url = "https://files.pythonhosted.org/packages/41/4c/1925dcfff47a02d465121967b95151c82d11027d5ec5242771e580e731bd/kiwisolver-1.4.9-cp310-cp310-macosx_11_0_arm64.whl", hash = "sha256:84fd60810829c27ae375114cd379da1fa65e6918e1da405f356a775d49a62bcf", size = 65312 },
    { url = "https://files.pythonhosted.org/packages/d4/42/0f333164e6307a0687d1eb9ad256215aae2f4bd5d28f4653d6cd319a3ba3/kiwisolver-1.4.9-cp310-cp310-manylinux_2_12_x86_64.manylinux2010_x86_64.whl", hash = "sha256:b78efa4c6e804ecdf727e580dbb9cba85624d2e1c6b5cb059c66290063bd99a9", size = 1628458 },
    { url = "https://files.pythonhosted.org/packages/86/b6/2dccb977d651943995a90bfe3495c2ab2ba5cd77093d9f2318a20c9a6f59/kiwisolver-1.4.9-cp310-cp310-manylinux_2_24_aarch64.manylinux_2_28_aarch64.whl", hash = "sha256:d4efec7bcf21671db6a3294ff301d2fc861c31faa3c8740d1a94689234d1b415", size = 1225640 },
    { url = "https://files.pythonhosted.org/packages/50/2b/362ebd3eec46c850ccf2bfe3e30f2fc4c008750011f38a850f088c56a1c6/kiwisolver-1.4.9-cp310-cp310-manylinux_2_24_ppc64le.manylinux_2_28_ppc64le.whl", hash = "sha256:90f47e70293fc3688b71271100a1a5453aa9944a81d27ff779c108372cf5567b", size = 1244074 },
    { url = "https://files.pythonhosted.org/packages/6f/bb/f09a1e66dab8984773d13184a10a29fe67125337649d26bdef547024ed6b/kiwisolver-1.4.9-cp310-cp310-manylinux_2_24_s390x.manylinux_2_28_s390x.whl", hash = "sha256:8fdca1def57a2e88ef339de1737a1449d6dbf5fab184c54a1fca01d541317154", size = 1293036 },
    { url = "https://files.pythonhosted.org/packages/ea/01/11ecf892f201cafda0f68fa59212edaea93e96c37884b747c181303fccd1/kiwisolver-1.4.9-cp310-cp310-musllinux_1_2_aarch64.whl", hash = "sha256:9cf554f21be770f5111a1690d42313e140355e687e05cf82cb23d0a721a64a48", size = 2175310 },
    { url = "https://files.pythonhosted.org/packages/7f/5f/bfe11d5b934f500cc004314819ea92427e6e5462706a498c1d4fc052e08f/kiwisolver-1.4.9-cp310-cp310-musllinux_1_2_ppc64le.whl", hash = "sha256:fc1795ac5cd0510207482c3d1d3ed781143383b8cfd36f5c645f3897ce066220", size = 2270943 },
    { url = "https://files.pythonhosted.org/packages/3d/de/259f786bf71f1e03e73d87e2db1a9a3bcab64d7b4fd780167123161630ad/kiwisolver-1.4.9-cp310-cp310-musllinux_1_2_s390x.whl", hash = "sha256:ccd09f20ccdbbd341b21a67ab50a119b64a403b09288c27481575105283c1586", size = 2440488 },
    { url = "https://files.pythonhosted.org/packages/1b/76/c989c278faf037c4d3421ec07a5c452cd3e09545d6dae7f87c15f54e4edf/kiwisolver-1.4.9-cp310-cp310-musllinux_1_2_x86_64.whl", hash = "sha256:540c7c72324d864406a009d72f5d6856f49693db95d1fbb46cf86febef873634", size = 2246787 },
    { url = "https://files.pythonhosted.org/packages/a2/55/c2898d84ca440852e560ca9f2a0d28e6e931ac0849b896d77231929900e7/kiwisolver-1.4.9-cp310-cp310-win_amd64.whl", hash = "sha256:ede8c6d533bc6601a47ad4046080d36b8fc99f81e6f1c17b0ac3c2dc91ac7611", size = 73730 },
    { url = "https://files.pythonhosted.org/packages/e8/09/486d6ac523dd33b80b368247f238125d027964cfacb45c654841e88fb2ae/kiwisolver-1.4.9-cp310-cp310-win_arm64.whl", hash = "sha256:7b4da0d01ac866a57dd61ac258c5607b4cd677f63abaec7b148354d2b2cdd536", size = 65036 },
    { url = "https://files.pythonhosted.org/packages/a2/63/fde392691690f55b38d5dd7b3710f5353bf7a8e52de93a22968801ab8978/kiwisolver-1.4.9-pp310-pypy310_pp73-macosx_10_15_x86_64.whl", hash = "sha256:4d1d9e582ad4d63062d34077a9a1e9f3c34088a2ec5135b1f7190c07cf366527", size = 60183 },
    { url = "https://files.pythonhosted.org/packages/27/b1/6aad34edfdb7cced27f371866f211332bba215bfd918ad3322a58f480d8b/kiwisolver-1.4.9-pp310-pypy310_pp73-macosx_11_0_arm64.whl", hash = "sha256:deed0c7258ceb4c44ad5ec7d9918f9f14fd05b2be86378d86cf50e63d1e7b771", size = 58675 },
    { url = "https://files.pythonhosted.org/packages/9d/1a/23d855a702bb35a76faed5ae2ba3de57d323f48b1f6b17ee2176c4849463/kiwisolver-1.4.9-pp310-pypy310_pp73-manylinux2014_x86_64.manylinux_2_17_x86_64.whl", hash = "sha256:0a590506f303f512dff6b7f75fd2fd18e16943efee932008fe7140e5fa91d80e", size = 80277 },
    { url = "https://files.pythonhosted.org/packages/5a/5b/5239e3c2b8fb5afa1e8508f721bb77325f740ab6994d963e61b2b7abcc1e/kiwisolver-1.4.9-pp310-pypy310_pp73-manylinux_2_24_aarch64.manylinux_2_28_aarch64.whl", hash = "sha256:e09c2279a4d01f099f52d5c4b3d9e208e91edcbd1a175c9662a8b16e000fece9", size = 77994 },
    { url = "https://files.pythonhosted.org/packages/f9/1c/5d4d468fb16f8410e596ed0eac02d2c68752aa7dc92997fe9d60a7147665/kiwisolver-1.4.9-pp310-pypy310_pp73-win_amd64.whl", hash = "sha256:c9e7cdf45d594ee04d5be1b24dd9d49f3d1590959b2271fb30b5ca2b262c00fb", size = 73744 },
]

[[package]]
name = "marshmallow"
version = "3.26.1"
source = { registry = "https://pypi.org/simple" }
dependencies = [
    { name = "packaging" },
]
sdist = { url = "https://files.pythonhosted.org/packages/ab/5e/5e53d26b42ab75491cda89b871dab9e97c840bf12c63ec58a1919710cd06/marshmallow-3.26.1.tar.gz", hash = "sha256:e6d8affb6cb61d39d26402096dc0aee12d5a26d490a121f118d2e81dc0719dc6", size = 221825 }
wheels = [
    { url = "https://files.pythonhosted.org/packages/34/75/51952c7b2d3873b44a0028b1bd26a25078c18f92f256608e8d1dc61b39fd/marshmallow-3.26.1-py3-none-any.whl", hash = "sha256:3350409f20a70a7e4e11a27661187b77cdcaeb20abca41c1454fe33636bea09c", size = 50878 },
]

[[package]]
name = "matplotlib"
version = "3.10.7"
source = { registry = "https://pypi.org/simple" }
dependencies = [
    { name = "contourpy" },
    { name = "cycler" },
    { name = "fonttools" },
    { name = "kiwisolver" },
    { name = "numpy" },
    { name = "packaging" },
    { name = "pillow" },
    { name = "pyparsing" },
    { name = "python-dateutil" },
]
sdist = { url = "https://files.pythonhosted.org/packages/ae/e2/d2d5295be2f44c678ebaf3544ba32d20c1f9ef08c49fe47f496180e1db15/matplotlib-3.10.7.tar.gz", hash = "sha256:a06ba7e2a2ef9131c79c49e63dad355d2d878413a0376c1727c8b9335ff731c7", size = 34804865 }
wheels = [
    { url = "https://files.pythonhosted.org/packages/6c/87/3932d5778ab4c025db22710b61f49ccaed3956c5cf46ffb2ffa7492b06d9/matplotlib-3.10.7-cp310-cp310-macosx_10_12_x86_64.whl", hash = "sha256:7ac81eee3b7c266dd92cee1cd658407b16c57eed08c7421fa354ed68234de380", size = 8247141 },
    { url = "https://files.pythonhosted.org/packages/45/a8/bfed45339160102bce21a44e38a358a1134a5f84c26166de03fb4a53208f/matplotlib-3.10.7-cp310-cp310-macosx_11_0_arm64.whl", hash = "sha256:667ecd5d8d37813a845053d8f5bf110b534c3c9f30e69ebd25d4701385935a6d", size = 8107995 },
    { url = "https://files.pythonhosted.org/packages/e2/3c/5692a2d9a5ba848fda3f48d2b607037df96460b941a59ef236404b39776b/matplotlib-3.10.7-cp310-cp310-manylinux2014_x86_64.manylinux_2_17_x86_64.whl", hash = "sha256:cc1c51b846aca49a5a8b44fbba6a92d583a35c64590ad9e1e950dc88940a4297", size = 8680503 },
    { url = "https://files.pythonhosted.org/packages/ab/a0/86ace53c48b05d0e6e9c127b2ace097434901f3e7b93f050791c8243201a/matplotlib-3.10.7-cp310-cp310-manylinux_2_27_aarch64.manylinux_2_28_aarch64.whl", hash = "sha256:4a11c2e9e72e7de09b7b72e62f3df23317c888299c875e2b778abf1eda8c0a42", size = 9514982 },
    { url = "https://files.pythonhosted.org/packages/a6/81/ead71e2824da8f72640a64166d10e62300df4ae4db01a0bac56c5b39fa51/matplotlib-3.10.7-cp310-cp310-musllinux_1_2_x86_64.whl", hash = "sha256:f19410b486fdd139885ace124e57f938c1e6a3210ea13dd29cab58f5d4bc12c7", size = 9566429 },
    { url = "https://files.pythonhosted.org/packages/65/7d/954b3067120456f472cce8fdcacaf4a5fcd522478db0c37bb243c7cb59dd/matplotlib-3.10.7-cp310-cp310-win_amd64.whl", hash = "sha256:b498e9e4022f93de2d5a37615200ca01297ceebbb56fe4c833f46862a490f9e3", size = 8108174 },
    { url = "https://files.pythonhosted.org/packages/1e/6c/a9bcf03e9afb2a873e0a5855f79bce476d1023f26f8212969f2b7504756c/matplotlib-3.10.7-pp310-pypy310_pp73-macosx_10_15_x86_64.whl", hash = "sha256:5c09cf8f2793f81368f49f118b6f9f937456362bee282eac575cca7f84cda537", size = 8241204 },
    { url = "https://files.pythonhosted.org/packages/5b/fd/0e6f5aa762ed689d9fa8750b08f1932628ffa7ed30e76423c399d19407d2/matplotlib-3.10.7-pp310-pypy310_pp73-macosx_11_0_arm64.whl", hash = "sha256:de66744b2bb88d5cd27e80dfc2ec9f0517d0a46d204ff98fe9e5f2864eb67657", size = 8104607 },
    { url = "https://files.pythonhosted.org/packages/b9/a9/21c9439d698fac5f0de8fc68b2405b738ed1f00e1279c76f2d9aa5521ead/matplotlib-3.10.7-pp310-pypy310_pp73-manylinux2014_x86_64.manylinux_2_17_x86_64.whl", hash = "sha256:53cc80662dd197ece414dd5b66e07370201515a3eaf52e7c518c68c16814773b", size = 8682257 },
]

[[package]]
name = "mccabe"
version = "0.7.0"
source = { registry = "https://pypi.org/simple" }
sdist = { url = "https://files.pythonhosted.org/packages/e7/ff/0ffefdcac38932a54d2b5eed4e0ba8a408f215002cd178ad1df0f2806ff8/mccabe-0.7.0.tar.gz", hash = "sha256:348e0240c33b60bbdf4e523192ef919f28cb2c3d7d5c7794f74009290f236325", size = 9658 }
wheels = [
    { url = "https://files.pythonhosted.org/packages/27/1a/1f68f9ba0c207934b35b86a8ca3aad8395a3d6dd7921c0686e23853ff5a9/mccabe-0.7.0-py2.py3-none-any.whl", hash = "sha256:6c2d30ab6be0e4a46919781807b4f0d834ebdd6c6e3dca0bda5a15f863427b6e", size = 7350 },
]

[[package]]
name = "mpmath"
version = "1.3.0"
source = { registry = "https://pypi.org/simple" }
sdist = { url = "https://files.pythonhosted.org/packages/e0/47/dd32fa426cc72114383ac549964eecb20ecfd886d1e5ccf5340b55b02f57/mpmath-1.3.0.tar.gz", hash = "sha256:7a28eb2a9774d00c7bc92411c19a89209d5da7c4c9a9e227be8330a23a25b91f", size = 508106 }
wheels = [
    { url = "https://files.pythonhosted.org/packages/43/e3/7d92a15f894aa0c9c4b49b8ee9ac9850d6e63b03c9c32c0367a13ae62209/mpmath-1.3.0-py3-none-any.whl", hash = "sha256:a0b2b9fe80bbcd81a6647ff13108738cfb482d481d826cc0e02f5b35e5c88d2c", size = 536198 },
]

[[package]]
name = "mypy-extensions"
version = "1.1.0"
source = { registry = "https://pypi.org/simple" }
sdist = { url = "https://files.pythonhosted.org/packages/a2/6e/371856a3fb9d31ca8dac321cda606860fa4548858c0cc45d9d1d4ca2628b/mypy_extensions-1.1.0.tar.gz", hash = "sha256:52e68efc3284861e772bbcd66823fde5ae21fd2fdb51c62a211403730b916558", size = 6343 }
wheels = [
    { url = "https://files.pythonhosted.org/packages/79/7b/2c79738432f5c924bef5071f933bcc9efd0473bac3b4aa584a6f7c1c8df8/mypy_extensions-1.1.0-py3-none-any.whl", hash = "sha256:1be4cccdb0f2482337c4743e60421de3a356cd97508abadd57d47403e94f5505", size = 4963 },
]

[[package]]
name = "nodeenv"
version = "1.9.1"
source = { registry = "https://pypi.org/simple" }
sdist = { url = "https://files.pythonhosted.org/packages/43/16/fc88b08840de0e0a72a2f9d8c6bae36be573e475a6326ae854bcc549fc45/nodeenv-1.9.1.tar.gz", hash = "sha256:6ec12890a2dab7946721edbfbcd91f3319c6ccc9aec47be7c7e6b7011ee6645f", size = 47437 }
wheels = [
    { url = "https://files.pythonhosted.org/packages/d2/1d/1b658dbd2b9fa9c4c9f32accbfc0205d532c8c6194dc0f2a4c0428e7128a/nodeenv-1.9.1-py2.py3-none-any.whl", hash = "sha256:ba11c9782d29c27c70ffbdda2d7415098754709be8a7056d79a737cd901155c9", size = 22314 },
]

[[package]]
name = "numpy"
version = "2.2.6"
source = { registry = "https://pypi.org/simple" }
sdist = { url = "https://files.pythonhosted.org/packages/76/21/7d2a95e4bba9dc13d043ee156a356c0a8f0c6309dff6b21b4d71a073b8a8/numpy-2.2.6.tar.gz", hash = "sha256:e29554e2bef54a90aa5cc07da6ce955accb83f21ab5de01a62c8478897b264fd", size = 20276440 }
wheels = [
    { url = "https://files.pythonhosted.org/packages/9a/3e/ed6db5be21ce87955c0cbd3009f2803f59fa08df21b5df06862e2d8e2bdd/numpy-2.2.6-cp310-cp310-macosx_10_9_x86_64.whl", hash = "sha256:b412caa66f72040e6d268491a59f2c43bf03eb6c96dd8f0307829feb7fa2b6fb", size = 21165245 },
    { url = "https://files.pythonhosted.org/packages/22/c2/4b9221495b2a132cc9d2eb862e21d42a009f5a60e45fc44b00118c174bff/numpy-2.2.6-cp310-cp310-macosx_11_0_arm64.whl", hash = "sha256:8e41fd67c52b86603a91c1a505ebaef50b3314de0213461c7a6e99c9a3beff90", size = 14360048 },
    { url = "https://files.pythonhosted.org/packages/fd/77/dc2fcfc66943c6410e2bf598062f5959372735ffda175b39906d54f02349/numpy-2.2.6-cp310-cp310-macosx_14_0_arm64.whl", hash = "sha256:37e990a01ae6ec7fe7fa1c26c55ecb672dd98b19c3d0e1d1f326fa13cb38d163", size = 5340542 },
    { url = "https://files.pythonhosted.org/packages/7a/4f/1cb5fdc353a5f5cc7feb692db9b8ec2c3d6405453f982435efc52561df58/numpy-2.2.6-cp310-cp310-macosx_14_0_x86_64.whl", hash = "sha256:5a6429d4be8ca66d889b7cf70f536a397dc45ba6faeb5f8c5427935d9592e9cf", size = 6878301 },
    { url = "https://files.pythonhosted.org/packages/eb/17/96a3acd228cec142fcb8723bd3cc39c2a474f7dcf0a5d16731980bcafa95/numpy-2.2.6-cp310-cp310-manylinux_2_17_aarch64.manylinux2014_aarch64.whl", hash = "sha256:efd28d4e9cd7d7a8d39074a4d44c63eda73401580c5c76acda2ce969e0a38e83", size = 14297320 },
    { url = "https://files.pythonhosted.org/packages/b4/63/3de6a34ad7ad6646ac7d2f55ebc6ad439dbbf9c4370017c50cf403fb19b5/numpy-2.2.6-cp310-cp310-manylinux_2_17_x86_64.manylinux2014_x86_64.whl", hash = "sha256:fc7b73d02efb0e18c000e9ad8b83480dfcd5dfd11065997ed4c6747470ae8915", size = 16801050 },
    { url = "https://files.pythonhosted.org/packages/07/b6/89d837eddef52b3d0cec5c6ba0456c1bf1b9ef6a6672fc2b7873c3ec4e2e/numpy-2.2.6-cp310-cp310-musllinux_1_2_aarch64.whl", hash = "sha256:74d4531beb257d2c3f4b261bfb0fc09e0f9ebb8842d82a7b4209415896adc680", size = 15807034 },
    { url = "https://files.pythonhosted.org/packages/01/c8/dc6ae86e3c61cfec1f178e5c9f7858584049b6093f843bca541f94120920/numpy-2.2.6-cp310-cp310-musllinux_1_2_x86_64.whl", hash = "sha256:8fc377d995680230e83241d8a96def29f204b5782f371c532579b4f20607a289", size = 18614185 },
    { url = "https://files.pythonhosted.org/packages/5b/c5/0064b1b7e7c89137b471ccec1fd2282fceaae0ab3a9550f2568782d80357/numpy-2.2.6-cp310-cp310-win32.whl", hash = "sha256:b093dd74e50a8cba3e873868d9e93a85b78e0daf2e98c6797566ad8044e8363d", size = 6527149 },
    { url = "https://files.pythonhosted.org/packages/a3/dd/4b822569d6b96c39d1215dbae0582fd99954dcbcf0c1a13c61783feaca3f/numpy-2.2.6-cp310-cp310-win_amd64.whl", hash = "sha256:f0fd6321b839904e15c46e0d257fdd101dd7f530fe03fd6359c1ea63738703f3", size = 12904620 },
    { url = "https://files.pythonhosted.org/packages/9e/3b/d94a75f4dbf1ef5d321523ecac21ef23a3cd2ac8b78ae2aac40873590229/numpy-2.2.6-pp310-pypy310_pp73-macosx_10_15_x86_64.whl", hash = "sha256:0b605b275d7bd0c640cad4e5d30fa701a8d59302e127e5f79138ad62762c3e3d", size = 21040391 },
    { url = "https://files.pythonhosted.org/packages/17/f4/09b2fa1b58f0fb4f7c7963a1649c64c4d315752240377ed74d9cd878f7b5/numpy-2.2.6-pp310-pypy310_pp73-macosx_14_0_x86_64.whl", hash = "sha256:7befc596a7dc9da8a337f79802ee8adb30a552a94f792b9c9d18c840055907db", size = 6786754 },
    { url = "https://files.pythonhosted.org/packages/af/30/feba75f143bdc868a1cc3f44ccfa6c4b9ec522b36458e738cd00f67b573f/numpy-2.2.6-pp310-pypy310_pp73-manylinux_2_17_x86_64.manylinux2014_x86_64.whl", hash = "sha256:ce47521a4754c8f4593837384bd3424880629f718d87c5d44f8ed763edd63543", size = 16643476 },
    { url = "https://files.pythonhosted.org/packages/37/48/ac2a9584402fb6c0cd5b5d1a91dcf176b15760130dd386bbafdbfe3640bf/numpy-2.2.6-pp310-pypy310_pp73-win_amd64.whl", hash = "sha256:d042d24c90c41b54fd506da306759e06e568864df8ec17ccc17e9e884634fd00", size = 12812666 },
]

[[package]]
name = "packaging"
version = "25.0"
source = { registry = "https://pypi.org/simple" }
sdist = { url = "https://files.pythonhosted.org/packages/a1/d4/1fc4078c65507b51b96ca8f8c3ba19e6a61c8253c72794544580a7b6c24d/packaging-25.0.tar.gz", hash = "sha256:d443872c98d677bf60f6a1f2f8c1cb748e8fe762d2bf9d3148b5599295b0fc4f", size = 165727 }
wheels = [
    { url = "https://files.pythonhosted.org/packages/20/12/38679034af332785aac8774540895e234f4d07f7545804097de4b666afd8/packaging-25.0-py3-none-any.whl", hash = "sha256:29572ef2b1f17581046b3a2227d5c611fb25ec70ca1ba8554b24b0e69331a484", size = 66469 },
]

[[package]]
name = "pandas"
version = "2.3.3"
source = { registry = "https://pypi.org/simple" }
dependencies = [
    { name = "numpy" },
    { name = "python-dateutil" },
    { name = "pytz" },
    { name = "tzdata" },
]
sdist = { url = "https://files.pythonhosted.org/packages/33/01/d40b85317f86cf08d853a4f495195c73815fdf205eef3993821720274518/pandas-2.3.3.tar.gz", hash = "sha256:e05e1af93b977f7eafa636d043f9f94c7ee3ac81af99c13508215942e64c993b", size = 4495223 }
wheels = [
    { url = "https://files.pythonhosted.org/packages/3d/f7/f425a00df4fcc22b292c6895c6831c0c8ae1d9fac1e024d16f98a9ce8749/pandas-2.3.3-cp310-cp310-macosx_10_9_x86_64.whl", hash = "sha256:376c6446ae31770764215a6c937f72d917f214b43560603cd60da6408f183b6c", size = 11555763 },
    { url = "https://files.pythonhosted.org/packages/13/4f/66d99628ff8ce7857aca52fed8f0066ce209f96be2fede6cef9f84e8d04f/pandas-2.3.3-cp310-cp310-macosx_11_0_arm64.whl", hash = "sha256:e19d192383eab2f4ceb30b412b22ea30690c9e618f78870357ae1d682912015a", size = 10801217 },
    { url = "https://files.pythonhosted.org/packages/1d/03/3fc4a529a7710f890a239cc496fc6d50ad4a0995657dccc1d64695adb9f4/pandas-2.3.3-cp310-cp310-manylinux_2_24_aarch64.manylinux_2_28_aarch64.whl", hash = "sha256:5caf26f64126b6c7aec964f74266f435afef1c1b13da3b0636c7518a1fa3e2b1", size = 12148791 },
    { url = "https://files.pythonhosted.org/packages/40/a8/4dac1f8f8235e5d25b9955d02ff6f29396191d4e665d71122c3722ca83c5/pandas-2.3.3-cp310-cp310-manylinux_2_24_x86_64.manylinux_2_28_x86_64.whl", hash = "sha256:dd7478f1463441ae4ca7308a70e90b33470fa593429f9d4c578dd00d1fa78838", size = 12769373 },
    { url = "https://files.pythonhosted.org/packages/df/91/82cc5169b6b25440a7fc0ef3a694582418d875c8e3ebf796a6d6470aa578/pandas-2.3.3-cp310-cp310-musllinux_1_2_aarch64.whl", hash = "sha256:4793891684806ae50d1288c9bae9330293ab4e083ccd1c5e383c34549c6e4250", size = 13200444 },
    { url = "https://files.pythonhosted.org/packages/10/ae/89b3283800ab58f7af2952704078555fa60c807fff764395bb57ea0b0dbd/pandas-2.3.3-cp310-cp310-musllinux_1_2_x86_64.whl", hash = "sha256:28083c648d9a99a5dd035ec125d42439c6c1c525098c58af0fc38dd1a7a1b3d4", size = 13858459 },
    { url = "https://files.pythonhosted.org/packages/85/72/530900610650f54a35a19476eca5104f38555afccda1aa11a92ee14cb21d/pandas-2.3.3-cp310-cp310-win_amd64.whl", hash = "sha256:503cf027cf9940d2ceaa1a93cfb5f8c8c7e6e90720a2850378f0b3f3b1e06826", size = 11346086 },
]

[[package]]
name = "pathspec"
version = "0.12.1"
source = { registry = "https://pypi.org/simple" }
sdist = { url = "https://files.pythonhosted.org/packages/ca/bc/f35b8446f4531a7cb215605d100cd88b7ac6f44ab3fc94870c120ab3adbf/pathspec-0.12.1.tar.gz", hash = "sha256:a482d51503a1ab33b1c67a6c3813a26953dbdc71c31dacaef9a838c4e29f5712", size = 51043 }
wheels = [
    { url = "https://files.pythonhosted.org/packages/cc/20/ff623b09d963f88bfde16306a54e12ee5ea43e9b597108672ff3a408aad6/pathspec-0.12.1-py3-none-any.whl", hash = "sha256:a0d503e138a4c123b27490a4f7beda6a01c6f288df0e4a8b79c7eb0dc7b4cc08", size = 31191 },
]

[[package]]
name = "pillow"
version = "12.0.0"
source = { registry = "https://pypi.org/simple" }
sdist = { url = "https://files.pythonhosted.org/packages/5a/b0/cace85a1b0c9775a9f8f5d5423c8261c858760e2466c79b2dd184638b056/pillow-12.0.0.tar.gz", hash = "sha256:87d4f8125c9988bfbed67af47dd7a953e2fc7b0cc1e7800ec6d2080d490bb353", size = 47008828 }
wheels = [
    { url = "https://files.pythonhosted.org/packages/5d/08/26e68b6b5da219c2a2cb7b563af008b53bb8e6b6fcb3fa40715fcdb2523a/pillow-12.0.0-cp310-cp310-macosx_10_10_x86_64.whl", hash = "sha256:3adfb466bbc544b926d50fe8f4a4e6abd8c6bffd28a26177594e6e9b2b76572b", size = 5289809 },
    { url = "https://files.pythonhosted.org/packages/cb/e9/4e58fb097fb74c7b4758a680aacd558810a417d1edaa7000142976ef9d2f/pillow-12.0.0-cp310-cp310-macosx_11_0_arm64.whl", hash = "sha256:1ac11e8ea4f611c3c0147424eae514028b5e9077dd99ab91e1bd7bc33ff145e1", size = 4650606 },
    { url = "https://files.pythonhosted.org/packages/4b/e0/1fa492aa9f77b3bc6d471c468e62bfea1823056bf7e5e4f1914d7ab2565e/pillow-12.0.0-cp310-cp310-manylinux2014_aarch64.manylinux_2_17_aarch64.whl", hash = "sha256:d49e2314c373f4c2b39446fb1a45ed333c850e09d0c59ac79b72eb3b95397363", size = 6221023 },
    { url = "https://files.pythonhosted.org/packages/c1/09/4de7cd03e33734ccd0c876f0251401f1314e819cbfd89a0fcb6e77927cc6/pillow-12.0.0-cp310-cp310-manylinux2014_x86_64.manylinux_2_17_x86_64.whl", hash = "sha256:c7b2a63fd6d5246349f3d3f37b14430d73ee7e8173154461785e43036ffa96ca", size = 8024937 },
    { url = "https://files.pythonhosted.org/packages/2e/69/0688e7c1390666592876d9d474f5e135abb4acb39dcb583c4dc5490f1aff/pillow-12.0.0-cp310-cp310-manylinux_2_27_aarch64.manylinux_2_28_aarch64.whl", hash = "sha256:d64317d2587c70324b79861babb9c09f71fbb780bad212018874b2c013d8600e", size = 6334139 },
    { url = "https://files.pythonhosted.org/packages/ed/1c/880921e98f525b9b44ce747ad1ea8f73fd7e992bafe3ca5e5644bf433dea/pillow-12.0.0-cp310-cp310-manylinux_2_27_x86_64.manylinux_2_28_x86_64.whl", hash = "sha256:d77153e14b709fd8b8af6f66a3afbb9ed6e9fc5ccf0b6b7e1ced7b036a228782", size = 7026074 },
    { url = "https://files.pythonhosted.org/packages/28/03/96f718331b19b355610ef4ebdbbde3557c726513030665071fd025745671/pillow-12.0.0-cp310-cp310-musllinux_1_2_aarch64.whl", hash = "sha256:32ed80ea8a90ee3e6fa08c21e2e091bba6eda8eccc83dbc34c95169507a91f10", size = 6448852 },
    { url = "https://files.pythonhosted.org/packages/3a/a0/6a193b3f0cc9437b122978d2c5cbce59510ccf9a5b48825096ed7472da2f/pillow-12.0.0-cp310-cp310-musllinux_1_2_x86_64.whl", hash = "sha256:c828a1ae702fc712978bda0320ba1b9893d99be0badf2647f693cc01cf0f04fa", size = 7117058 },
    { url = "https://files.pythonhosted.org/packages/a7/c4/043192375eaa4463254e8e61f0e2ec9a846b983929a8d0a7122e0a6d6fff/pillow-12.0.0-cp310-cp310-win32.whl", hash = "sha256:bd87e140e45399c818fac4247880b9ce719e4783d767e030a883a970be632275", size = 6295431 },
    { url = "https://files.pythonhosted.org/packages/92/c6/c2f2fc7e56301c21827e689bb8b0b465f1b52878b57471a070678c0c33cd/pillow-12.0.0-cp310-cp310-win_amd64.whl", hash = "sha256:455247ac8a4cfb7b9bc45b7e432d10421aea9fc2e74d285ba4072688a74c2e9d", size = 7000412 },
    { url = "https://files.pythonhosted.org/packages/b2/d2/5f675067ba82da7a1c238a73b32e3fd78d67f9d9f80fbadd33a40b9c0481/pillow-12.0.0-cp310-cp310-win_arm64.whl", hash = "sha256:6ace95230bfb7cd79ef66caa064bbe2f2a1e63d93471c3a2e1f1348d9f22d6b7", size = 2435903 },
]

[[package]]
name = "platformdirs"
version = "4.5.0"
source = { registry = "https://pypi.org/simple" }
sdist = { url = "https://files.pythonhosted.org/packages/61/33/9611380c2bdb1225fdef633e2a9610622310fed35ab11dac9620972ee088/platformdirs-4.5.0.tar.gz", hash = "sha256:70ddccdd7c99fc5942e9fc25636a8b34d04c24b335100223152c2803e4063312", size = 21632 }
wheels = [
    { url = "https://files.pythonhosted.org/packages/73/cb/ac7874b3e5d58441674fb70742e6c374b28b0c7cb988d37d991cde47166c/platformdirs-4.5.0-py3-none-any.whl", hash = "sha256:e578a81bb873cbb89a41fcc904c7ef523cc18284b7e3b3ccf06aca1403b7ebd3", size = 18651 },
]

[[package]]
name = "pycodestyle"
version = "2.14.0"
source = { registry = "https://pypi.org/simple" }
sdist = { url = "https://files.pythonhosted.org/packages/11/e0/abfd2a0d2efe47670df87f3e3a0e2edda42f055053c85361f19c0e2c1ca8/pycodestyle-2.14.0.tar.gz", hash = "sha256:c4b5b517d278089ff9d0abdec919cd97262a3367449ea1c8b49b91529167b783", size = 39472 }
wheels = [
    { url = "https://files.pythonhosted.org/packages/d7/27/a58ddaf8c588a3ef080db9d0b7e0b97215cee3a45df74f3a94dbbf5c893a/pycodestyle-2.14.0-py2.py3-none-any.whl", hash = "sha256:dd6bf7cb4ee77f8e016f9c8e74a35ddd9f67e1d5fd4184d86c3b98e07099f42d", size = 31594 },
]

[[package]]
name = "pyflakes"
version = "3.4.0"
source = { registry = "https://pypi.org/simple" }
sdist = { url = "https://files.pythonhosted.org/packages/45/dc/fd034dc20b4b264b3d015808458391acbf9df40b1e54750ef175d39180b1/pyflakes-3.4.0.tar.gz", hash = "sha256:b24f96fafb7d2ab0ec5075b7350b3d2d2218eab42003821c06344973d3ea2f58", size = 64669 }
wheels = [
    { url = "https://files.pythonhosted.org/packages/c2/2f/81d580a0fb83baeb066698975cb14a618bdbed7720678566f1b046a95fe8/pyflakes-3.4.0-py2.py3-none-any.whl", hash = "sha256:f742a7dbd0d9cb9ea41e9a24a918996e8170c799fa528688d40dd582c8265f4f", size = 63551 },
]

[[package]]
name = "pyparsing"
version = "3.2.5"
source = { registry = "https://pypi.org/simple" }
sdist = { url = "https://files.pythonhosted.org/packages/f2/a5/181488fc2b9d093e3972d2a472855aae8a03f000592dbfce716a512b3359/pyparsing-3.2.5.tar.gz", hash = "sha256:2df8d5b7b2802ef88e8d016a2eb9c7aeaa923529cd251ed0fe4608275d4105b6", size = 1099274 }
wheels = [
    { url = "https://files.pythonhosted.org/packages/10/5e/1aa9a93198c6b64513c9d7752de7422c06402de6600a8767da1524f9570b/pyparsing-3.2.5-py3-none-any.whl", hash = "sha256:e38a4f02064cf41fe6593d328d0512495ad1f3d8a91c4f73fc401b3079a59a5e", size = 113890 },
]

[[package]]
name = "pyright"
version = "1.1.407"
source = { registry = "https://pypi.org/simple" }
dependencies = [
    { name = "nodeenv" },
    { name = "typing-extensions" },
]
sdist = { url = "https://files.pythonhosted.org/packages/a6/1b/0aa08ee42948b61745ac5b5b5ccaec4669e8884b53d31c8ec20b2fcd6b6f/pyright-1.1.407.tar.gz", hash = "sha256:099674dba5c10489832d4a4b2d302636152a9a42d317986c38474c76fe562262", size = 4122872 }
wheels = [
    { url = "https://files.pythonhosted.org/packages/dc/93/b69052907d032b00c40cb656d21438ec00b3a471733de137a3f65a49a0a0/pyright-1.1.407-py3-none-any.whl", hash = "sha256:6dd419f54fcc13f03b52285796d65e639786373f433e243f8b94cf93a7444d21", size = 5997008 },
]

[[package]]
name = "python-dateutil"
version = "2.9.0.post0"
source = { registry = "https://pypi.org/simple" }
dependencies = [
    { name = "six" },
]
sdist = { url = "https://files.pythonhosted.org/packages/66/c0/0c8b6ad9f17a802ee498c46e004a0eb49bc148f2fd230864601a86dcf6db/python-dateutil-2.9.0.post0.tar.gz", hash = "sha256:37dd54208da7e1cd875388217d5e00ebd4179249f90fb72437e91a35459a0ad3", size = 342432 }
wheels = [
    { url = "https://files.pythonhosted.org/packages/ec/57/56b9bcc3c9c6a792fcbaf139543cee77261f3651ca9da0c93f5c1221264b/python_dateutil-2.9.0.post0-py2.py3-none-any.whl", hash = "sha256:a8b2bc7bffae282281c8140a97d3aa9c14da0b136dfe83f850eea9a5f7470427", size = 229892 },
]

[[package]]
name = "python-sat"
version = "1.8.dev24"
source = { registry = "https://pypi.org/simple" }
dependencies = [
    { name = "six" },
]
sdist = { url = "https://files.pythonhosted.org/packages/f2/b6/eab5734452afdc75c12da7215a0d027c39b8fc95e0f20e77776dfcb27ad9/python_sat-1.8.dev24.tar.gz", hash = "sha256:7fd36768f70774d3489d64efa6483dd6279a61e8c9dbd90000e2dc6e76c398cd", size = 5071321 }
wheels = [
    { url = "https://files.pythonhosted.org/packages/92/d7/05f4dcdad877f72109a345f710283dc3cb0a19a3b8ff156e2a0ef599f956/python_sat-1.8.dev24-cp310-cp310-macosx_10_9_x86_64.whl", hash = "sha256:c019d593484c4464a90d6cd204460cb71791057cd22c37517ff45bf80c269a2b", size = 1872132 },
    { url = "https://files.pythonhosted.org/packages/1c/9e/6224825b82411c6146eca485bbd6252c4c4346031010bba1716652c246d1/python_sat-1.8.dev24-cp310-cp310-macosx_11_0_arm64.whl", hash = "sha256:f54f77e8773712169dde349ad8db33764dc1c3d5746867d21098ce6401757e27", size = 1617620 },
    { url = "https://files.pythonhosted.org/packages/49/e1/2479bb564fd92d7e896e9b725d6202f025c7f7e9fe993dc1bc28661b9b22/python_sat-1.8.dev24-cp310-cp310-manylinux_2_24_aarch64.manylinux_2_28_aarch64.whl", hash = "sha256:8db62ff0f974cf5e0959d30f89485cc6b5cbd4ee834720dc4c8689b4c5620a0c", size = 2761156 },
    { url = "https://files.pythonhosted.org/packages/c3/49/34fef7b34c8aa4fd0927be77c43227fdf0810e86dd748e9bbf0ea95f7fbc/python_sat-1.8.dev24-cp310-cp310-manylinux_2_24_x86_64.manylinux_2_28_x86_64.whl", hash = "sha256:8d4458c7845bb3c6bedb037e9188904280a338567bbbe27ba11d829cbed050d3", size = 2846402 },
    { url = "https://files.pythonhosted.org/packages/4c/da/58de3d76a2d948e0517c6c4266990fb8edbd95097ac3f92b233fe16bbdff/python_sat-1.8.dev24-cp310-cp310-musllinux_1_2_aarch64.whl", hash = "sha256:4c819b18251892853f67e3f007a1c08b7f74e01fa64dca096988e0164fd9cdbc", size = 3729049 },
    { url = "https://files.pythonhosted.org/packages/63/40/242cd505ac0b8a32d41c2c68a8ee227f2383dc0435fa49d81dd7a74db0ac/python_sat-1.8.dev24-cp310-cp310-musllinux_1_2_x86_64.whl", hash = "sha256:4087c708f8c09a67dfa81bd81c07aaeebf18f17ef8717f6f296b3cefdb25a8f6", size = 3857772 },
    { url = "https://files.pythonhosted.org/packages/55/86/6861456eec28c7fcc9431686003abd7bea28a3b131bafc1adfdd47395174/python_sat-1.8.dev24-cp310-cp310-win_amd64.whl", hash = "sha256:fa1284e4a230e7e8632713097966379d38072cc8f74d99d8e6526e4eade2105a", size = 1336462 },
]

[[package]]
name = "pytokens"
version = "0.2.0"
source = { registry = "https://pypi.org/simple" }
sdist = { url = "https://files.pythonhosted.org/packages/d4/c2/dbadcdddb412a267585459142bfd7cc241e6276db69339353ae6e241ab2b/pytokens-0.2.0.tar.gz", hash = "sha256:532d6421364e5869ea57a9523bf385f02586d4662acbcc0342afd69511b4dd43", size = 15368 }
wheels = [
    { url = "https://files.pythonhosted.org/packages/89/5a/c269ea6b348b6f2c32686635df89f32dbe05df1088dd4579302a6f8f99af/pytokens-0.2.0-py3-none-any.whl", hash = "sha256:74d4b318c67f4295c13782ddd9abcb7e297ec5630ad060eb90abf7ebbefe59f8", size = 12038 },
]

[[package]]
name = "pytz"
version = "2025.2"
source = { registry = "https://pypi.org/simple" }
sdist = { url = "https://files.pythonhosted.org/packages/f8/bf/abbd3cdfb8fbc7fb3d4d38d320f2441b1e7cbe29be4f23797b4a2b5d8aac/pytz-2025.2.tar.gz", hash = "sha256:360b9e3dbb49a209c21ad61809c7fb453643e048b38924c765813546746e81c3", size = 320884 }
wheels = [
    { url = "https://files.pythonhosted.org/packages/81/c4/34e93fe5f5429d7570ec1fa436f1986fb1f00c3e0f43a589fe2bbcd22c3f/pytz-2025.2-py2.py3-none-any.whl", hash = "sha256:5ddf76296dd8c44c26eb8f4b6f35488f3ccbf6fbbd7adee0b7262d43f0ec2f00", size = 509225 },
]

[[package]]
name = "satcomp"
version = "0.1.0"
source = { virtual = "." }
dependencies = [
    { name = "dataclasses-json" },
    { name = "joblib" },
    { name = "matplotlib" },
    { name = "numpy" },
    { name = "pandas" },
    { name = "python-sat" },
    { name = "sympy" },
    { name = "tqdm" },
]

[package.dev-dependencies]
dev = [
    { name = "black" },
    { name = "flake8" },
    { name = "isort" },
    { name = "pyright" },
]

[package.metadata]
requires-dist = [
    { name = "dataclasses-json", specifier = ">=0.5.7" },
    { name = "joblib", specifier = ">=1.1.0" },
    { name = "matplotlib", specifier = ">=3.5.2" },
    { name = "numpy", specifier = ">=1.23.0" },
    { name = "pandas", specifier = ">=1.4.3" },
    { name = "python-sat", specifier = ">=0.1.8.dev18" },
    { name = "sympy", specifier = ">=1.10.1" },
    { name = "tqdm", specifier = ">=4.64.0" },
]

[package.metadata.requires-dev]
dev = [
    { name = "black", specifier = ">=22.6.0" },
    { name = "flake8", specifier = ">=4.0.1" },
    { name = "isort", specifier = ">=5.10.1" },
    { name = "pyright", specifier = ">=1.1.256" },
]

[[package]]
name = "six"
version = "1.17.0"
source = { registry = "https://pypi.org/simple" }
sdist = { url = "https://files.pythonhosted.org/packages/94/e7/b2c673351809dca68a0e064b6af791aa332cf192da575fd474ed7d6f16a2/six-1.17.0.tar.gz", hash = "sha256:ff70335d468e7eb6ec65b95b99d3a2836546063f63acc5171de367e834932a81", size = 34031 }
wheels = [
    { url = "https://files.pythonhosted.org/packages/b7/ce/149a00dd41f10bc29e5921b496af8b574d8413afcd5e30dfa0ed46c2cc5e/six-1.17.0-py2.py3-none-any.whl", hash = "sha256:4721f391ed90541fddacab5acf947aa0d3dc7d27b2e1e8eda2be8970586c3274", size = 11050 },
]

[[package]]
name = "sympy"
version = "1.14.0"
source = { registry = "https://pypi.org/simple" }
dependencies = [
    { name = "mpmath" },
]
sdist = { url = "https://files.pythonhosted.org/packages/83/d3/803453b36afefb7c2bb238361cd4ae6125a569b4db67cd9e79846ba2d68c/sympy-1.14.0.tar.gz", hash = "sha256:d3d3fe8df1e5a0b42f0e7bdf50541697dbe7d23746e894990c030e2b05e72517", size = 7793921 }
wheels = [
    { url = "https://files.pythonhosted.org/packages/a2/09/77d55d46fd61b4a135c444fc97158ef34a095e5681d0a6c10b75bf356191/sympy-1.14.0-py3-none-any.whl", hash = "sha256:e091cc3e99d2141a0ba2847328f5479b05d94a6635cb96148ccb3f34671bd8f5", size = 6299353 },
]

[[package]]
name = "tomli"
version = "2.3.0"
source = { registry = "https://pypi.org/simple" }
sdist = { url = "https://files.pythonhosted.org/packages/52/ed/3f73f72945444548f33eba9a87fc7a6e969915e7b1acc8260b30e1f76a2f/tomli-2.3.0.tar.gz", hash = "sha256:64be704a875d2a59753d80ee8a533c3fe183e3f06807ff7dc2232938ccb01549", size = 17392 }
wheels = [
    { url = "https://files.pythonhosted.org/packages/77/b8/0135fadc89e73be292b473cb820b4f5a08197779206b33191e801feeae40/tomli-2.3.0-py3-none-any.whl", hash = "sha256:e95b1af3c5b07d9e643909b5abbec77cd9f1217e6d0bca72b0234736b9fb1f1b", size = 14408 },
]

[[package]]
name = "tqdm"
version = "4.67.1"
source = { registry = "https://pypi.org/simple" }
dependencies = [
    { name = "colorama", marker = "sys_platform == 'win32'" },
]
sdist = { url = "https://files.pythonhosted.org/packages/a8/4b/29b4ef32e036bb34e4ab51796dd745cdba7ed47ad142a9f4a1eb8e0c744d/tqdm-4.67.1.tar.gz", hash = "sha256:f8aef9c52c08c13a65f30ea34f4e5aac3fd1a34959879d7e59e63027286627f2", size = 169737 }
wheels = [
    { url = "https://files.pythonhosted.org/packages/d0/30/dc54f88dd4a2b5dc8a0279bdd7270e735851848b762aeb1c1184ed1f6b14/tqdm-4.67.1-py3-none-any.whl", hash = "sha256:26445eca388f82e72884e0d580d5464cd801a3ea01e63e5601bdff9ba6a48de2", size = 78540 },
]

[[package]]
name = "typing-extensions"
version = "4.15.0"
source = { registry = "https://pypi.org/simple" }
sdist = { url = "https://files.pythonhosted.org/packages/72/94/1a15dd82efb362ac84269196e94cf00f187f7ed21c242792a923cdb1c61f/typing_extensions-4.15.0.tar.gz", hash = "sha256:0cea48d173cc12fa28ecabc3b837ea3cf6f38c6d1136f85cbaaf598984861466", size = 109391 }
wheels = [
    { url = "https://files.pythonhosted.org/packages/18/67/36e9267722cc04a6b9f15c7f3441c2363321a3ea07da7ae0c0707beb2a9c/typing_extensions-4.15.0-py3-none-any.whl", hash = "sha256:f0fa19c6845758ab08074a0cfa8b7aecb71c999ca73d62883bc25cc018c4e548", size = 44614 },
]

[[package]]
name = "typing-inspect"
version = "0.9.0"
source = { registry = "https://pypi.org/simple" }
dependencies = [
    { name = "mypy-extensions" },
    { name = "typing-extensions" },
]
sdist = { url = "https://files.pythonhosted.org/packages/dc/74/1789779d91f1961fa9438e9a8710cdae6bd138c80d7303996933d117264a/typing_inspect-0.9.0.tar.gz", hash = "sha256:b23fc42ff6f6ef6954e4852c1fb512cdd18dbea03134f91f856a95ccc9461f78", size = 13825 }
wheels = [
    { url = "https://files.pythonhosted.org/packages/65/f3/107a22063bf27bdccf2024833d3445f4eea42b2e598abfbd46f6a63b6cb0/typing_inspect-0.9.0-py3-none-any.whl", hash = "sha256:9ee6fc59062311ef8547596ab6b955e1b8aa46242d854bfc78f4f6b0eff35f9f", size = 8827 },
]

[[package]]
name = "tzdata"
version = "2025.2"
source = { registry = "https://pypi.org/simple" }
sdist = { url = "https://files.pythonhosted.org/packages/95/32/1a225d6164441be760d75c2c42e2780dc0873fe382da3e98a2e1e48361e5/tzdata-2025.2.tar.gz", hash = "sha256:b60a638fcc0daffadf82fe0f57e53d06bdec2f36c4df66280ae79bce6bd6f2b9", size = 196380 }
wheels = [
    { url = "https://files.pythonhosted.org/packages/5c/23/c7abc0ca0a1526a0774eca151daeb8de62ec457e77262b66b359c3c7679e/tzdata-2025.2-py2.py3-none-any.whl", hash = "sha256:1a403fada01ff9221ca8044d701868fa132215d84beb92242d9acd2147f667a8", size = 347839 },
]
